{
	"name": "@mongosh/shell-evaluator",
	"version": "0.0.0-dev.0",
	"lockfileVersion": 2,
	"requires": true,
	"packages": {
		"": {
			"name": "@mongosh/shell-evaluator",
			"version": "0.0.0-dev.0",
			"license": "Apache-2.0",
			"devDependencies": {
				"@types/sinon-chai": "^3.2.3"
			},
			"engines": {
				"node": ">=12.4.0"
			}
		},
		"node_modules/@types/chai": {
			"version": "4.2.11",
			"resolved": "https://registry.npmjs.org/@types/chai/-/chai-4.2.11.tgz",
			"integrity": "sha512-t7uW6eFafjO+qJ3BIV2gGUyZs27egcNRkUdalkud+Qa3+kg//f129iuOFivHDXQ+vnU3fDXuwgv0cqMCbcE8sw==",
			"dev": true
		},
		"node_modules/@types/sinon": {
			"version": "7.5.2",
			"resolved": "https://registry.npmjs.org/@types/sinon/-/sinon-7.5.2.tgz",
			"integrity": "sha512-T+m89VdXj/eidZyejvmoP9jivXgBDdkOSBVQjU9kF349NEx10QdPNGxHeZUaj1IlJ32/ewdyXJjnJxyxJroYwg==",
			"dev": true
		},
		"node_modules/@types/sinon-chai": {
			"version": "3.2.4",
			"resolved": "https://registry.npmjs.org/@types/sinon-chai/-/sinon-chai-3.2.4.tgz",
			"integrity": "sha512-xq5KOWNg70PRC7dnR2VOxgYQ6paumW+4pTZP+6uTSdhpYsAUEeeT5bw6rRHHQrZ4KyR+M5ojOR+lje6TGSpUxA==",
			"dev": true,
			"dependencies": {
				"@types/chai": "*",
				"@types/sinon": "*"
			}
		}
	},
	"dependencies": {
		"@types/chai": {
			"version": "4.2.11",
			"resolved": "https://registry.npmjs.org/@types/chai/-/chai-4.2.11.tgz",
			"integrity": "sha512-t7uW6eFafjO+qJ3BIV2gGUyZs27egcNRkUdalkud+Qa3+kg//f129iuOFivHDXQ+vnU3fDXuwgv0cqMCbcE8sw==",
			"dev": true
		},
		"@types/sinon": {
			"version": "7.5.2",
			"resolved": "https://registry.npmjs.org/@types/sinon/-/sinon-7.5.2.tgz",
			"integrity": "sha512-T+m89VdXj/eidZyejvmoP9jivXgBDdkOSBVQjU9kF349NEx10QdPNGxHeZUaj1IlJ32/ewdyXJjnJxyxJroYwg==",
			"dev": true
		},
		"@types/sinon-chai": {
			"version": "3.2.4",
			"resolved": "https://registry.npmjs.org/@types/sinon-chai/-/sinon-chai-3.2.4.tgz",
			"integrity": "sha512-xq5KOWNg70PRC7dnR2VOxgYQ6paumW+4pTZP+6uTSdhpYsAUEeeT5bw6rRHHQrZ4KyR+M5ojOR+lje6TGSpUxA==",
			"dev": true,
			"requires": {
				"@types/chai": "*",
				"@types/sinon": "*"
			}
		}
	}
}
