{
	"name": "@mongosh/shell-evaluator",
	"version": "0.0.0-dev.0",
	"lockfileVersion": 2,
	"requires": true,
	"packages": {
		"": {
			"name": "@mongosh/shell-evaluator",
			"version": "0.0.0-dev.0",
			"license": "Apache-2.0",
			"devDependencies": {
				"@types/sinon-chai": "^3.2.3"
			},
			"engines": {
				"node": ">=12.4.0"
			}
		},
		"node_modules/@types/chai": {
			"version": "4.3.0",
			"resolved": "https://registry.npmjs.org/@types/chai/-/chai-4.3.0.tgz",
			"integrity": "sha512-/ceqdqeRraGolFTcfoXNiqjyQhZzbINDngeoAq9GoHa8PPK1yNzTaxWjA6BFWp5Ua9JpXEMSS4s5i9tS0hOJtw==",
			"dev": true
		},
		"node_modules/@types/sinon": {
			"version": "10.0.11",
			"resolved": "https://registry.npmjs.org/@types/sinon/-/sinon-10.0.11.tgz",
			"integrity": "sha512-dmZsHlBsKUtBpHriNjlK0ndlvEh8dcb9uV9Afsbt89QIyydpC7NcR+nWlAhASfy3GHnxTl4FX/aKE7XZUt/B4g==",
			"dev": true,
			"dependencies": {
				"@types/sinonjs__fake-timers": "*"
			}
		},
		"node_modules/@types/sinon-chai": {
			"version": "3.2.8",
			"resolved": "https://registry.npmjs.org/@types/sinon-chai/-/sinon-chai-3.2.8.tgz",
			"integrity": "sha512-d4ImIQbT/rKMG8+AXpmcan5T2/PNeSjrYhvkwet6z0p8kzYtfgA32xzOBlbU0yqJfq+/0Ml805iFoODO0LP5/g==",
			"dev": true,
			"dependencies": {
				"@types/chai": "*",
				"@types/sinon": "*"
			}
		},
		"node_modules/@types/sinonjs__fake-timers": {
			"version": "8.1.2",
			"resolved": "https://registry.npmjs.org/@types/sinonjs__fake-timers/-/sinonjs__fake-timers-8.1.2.tgz",
			"integrity": "sha512-9GcLXF0/v3t80caGs5p2rRfkB+a8VBGLJZVih6CNFkx8IZ994wiKKLSRs9nuFwk1HevWs/1mnUmkApGrSGsShA==",
			"dev": true
		}
	},
	"dependencies": {
		"@types/chai": {
			"version": "4.3.0",
			"resolved": "https://registry.npmjs.org/@types/chai/-/chai-4.3.0.tgz",
			"integrity": "sha512-/ceqdqeRraGolFTcfoXNiqjyQhZzbINDngeoAq9GoHa8PPK1yNzTaxWjA6BFWp5Ua9JpXEMSS4s5i9tS0hOJtw==",
			"dev": true
		},
		"@types/sinon": {
			"version": "10.0.11",
			"resolved": "https://registry.npmjs.org/@types/sinon/-/sinon-10.0.11.tgz",
			"integrity": "sha512-dmZsHlBsKUtBpHriNjlK0ndlvEh8dcb9uV9Afsbt89QIyydpC7NcR+nWlAhASfy3GHnxTl4FX/aKE7XZUt/B4g==",
			"dev": true,
			"requires": {
				"@types/sinonjs__fake-timers": "*"
			}
		},
		"@types/sinon-chai": {
			"version": "3.2.8",
			"resolved": "https://registry.npmjs.org/@types/sinon-chai/-/sinon-chai-3.2.8.tgz",
			"integrity": "sha512-d4ImIQbT/rKMG8+AXpmcan5T2/PNeSjrYhvkwet6z0p8kzYtfgA32xzOBlbU0yqJfq+/0Ml805iFoODO0LP5/g==",
			"dev": true,
			"requires": {
				"@types/chai": "*",
				"@types/sinon": "*"
			}
		},
		"@types/sinonjs__fake-timers": {
			"version": "8.1.2",
			"resolved": "https://registry.npmjs.org/@types/sinonjs__fake-timers/-/sinonjs__fake-timers-8.1.2.tgz",
			"integrity": "sha512-9GcLXF0/v3t80caGs5p2rRfkB+a8VBGLJZVih6CNFkx8IZ994wiKKLSRs9nuFwk1HevWs/1mnUmkApGrSGsShA==",
			"dev": true
		}
	}
}
