{
	"name": "@mongosh/types",
	"version": "0.0.0-dev.0",
	"lockfileVersion": 1,
	"requires": true,
	"dependencies": {
		"@mongodb-js/devtools-connect": {
			"version": "1.2.3",
			"resolved": "https://registry.npmjs.org/@mongodb-js/devtools-connect/-/devtools-connect-1.2.3.tgz",
			"integrity": "sha512-lbfzwwVppHN2IZvKBNuGT3IKEpKYcK2z1jLk8lTicmJALImwTIZoAFlTCriYlJJFEF3SsU9If7n4yCB0urXEAQ==",
			"requires": {
				"os-dns-native": "^1.2.0",
				"resolve-mongodb-srv": "^1.1.1",
				"system-ca": "^1.0.2"
			}
		},
		"bindings": {
			"version": "1.5.0",
			"resolved": "https://registry.npmjs.org/bindings/-/bindings-1.5.0.tgz",
			"integrity": "sha512-p2q/t/mhvuOj/UeLlV6566GD/guowlr0hHxClI0W9m7MWYkL1F0hLo+0Aexs9HSPCtR1SXQ0TD3MMKrXZajbiQ==",
			"optional": true,
			"requires": {
				"file-uri-to-path": "1.0.0"
			}
		},
		"debug": {
			"version": "4.3.3",
			"resolved": "https://registry.npmjs.org/debug/-/debug-4.3.3.tgz",
			"integrity": "sha512-/zxw5+vh1Tfv+4Qn7a5nsbcJKPaSvCDhojn6FEl9vupwK2VCSDtEiEtqr8DFtzYFOdz63LBkxec7DYuc2jon6Q==",
			"optional": true,
			"requires": {
				"ms": "2.1.2"
			}
		},
		"file-uri-to-path": {
			"version": "1.0.0",
			"resolved": "https://registry.npmjs.org/file-uri-to-path/-/file-uri-to-path-1.0.0.tgz",
			"integrity": "sha512-0Zt+s3L7Vf1biwWZ29aARiVYLx7iMGnEUl9x33fbB/j3jR81u/O2LbqK+Bm1CDSNDKVtJ/YjwY7TUd5SkeLQLw==",
			"optional": true
		},
		"ipv6-normalize": {
			"version": "1.0.1",
			"resolved": "https://registry.npmjs.org/ipv6-normalize/-/ipv6-normalize-1.0.1.tgz",
			"integrity": "sha1-GzJYKQ02X6gyOeiZB93kWS52IKg=",
			"optional": true
		},
		"lodash": {
			"version": "4.17.21",
			"resolved": "https://registry.npmjs.org/lodash/-/lodash-4.17.21.tgz",
			"integrity": "sha512-v2kDEe57lecTulaDIuNTPy3Ry4gLGJ6Z1O3vE1krgXZNrsQ+LFTGHVxVjcXPs17LhbZVGedAJv8XZ1tvj5FvSg==",
			"optional": true
		},
		"macos-export-certificate-and-key": {
			"version": "1.1.1",
			"resolved": "https://registry.npmjs.org/macos-export-certificate-and-key/-/macos-export-certificate-and-key-1.1.1.tgz",
			"integrity": "sha512-J2g0dJRLG3DghmdCkbJnif/zPmSylj6ql//xBYff5allzNlHPnWxRoyho9XznBYLbPJw4jZlKjMO69jtV8VC7Q==",
			"optional": true,
			"requires": {
				"bindings": "^1.5.0",
				"node-addon-api": "^4.3.0"
			}
		},
		"ms": {
			"version": "2.1.2",
			"resolved": "https://registry.npmjs.org/ms/-/ms-2.1.2.tgz",
			"integrity": "sha512-sGkPx+VjMtmA6MX27oA4FBFELFCZZ4S4XqeGOXCv68tT+jb3vk/RyaKWP0PTKyWtmLSM0b+adUTEvbs1PEaH2w==",
			"optional": true
		},
		"node-addon-api": {
			"version": "4.3.0",
			"resolved": "https://registry.npmjs.org/node-addon-api/-/node-addon-api-4.3.0.tgz",
			"integrity": "sha512-73sE9+3UaLYYFmDsFZnqCInzPyh3MqIwZO9cw58yIqAZhONrrabrYyYe3TuIqtIiOuTXVhsGau8hcrhhwSsDIQ==",
			"optional": true
		},
		"node-forge": {
			"version": "1.2.1",
			"resolved": "https://registry.npmjs.org/node-forge/-/node-forge-1.2.1.tgz",
			"integrity": "sha512-Fcvtbb+zBcZXbTTVwqGA5W+MKBj56UjVRevvchv5XrcyXbmNdesfZL37nlcWOfpgHhgmxApw3tQbTr4CqNmX4w==",
			"optional": true
		},
		"os-dns-native": {
			"version": "1.2.0",
			"resolved": "https://registry.npmjs.org/os-dns-native/-/os-dns-native-1.2.0.tgz",
			"integrity": "sha512-pnq7NYCsuZixeIOFjerXIXXFNpqJyDqiIHTu9TzefKtu+8ReUROA9OB2VQE+qk3uYhkXtxe1tf8b4dqPINtStw==",
			"optional": true,
			"requires": {
				"bindings": "^1.5.0",
				"debug": "^4.3.3",
				"ipv6-normalize": "^1.0.1",
				"node-addon-api": "^4.3.0"
			}
		},
		"punycode": {
			"version": "2.1.1",
			"resolved": "https://registry.npmjs.org/punycode/-/punycode-2.1.1.tgz",
			"integrity": "sha512-XRsRjdf+j5ml+y/6GKHPZbrF/8p2Yga0JPtdqTIY2Xe5ohJPD9saDJJLPvp9+NSBprVvevdXZybnj2cv8OEd0A==",
			"optional": true
		},
		"resolve-mongodb-srv": {
			"version": "1.1.1",
			"resolved": "https://registry.npmjs.org/resolve-mongodb-srv/-/resolve-mongodb-srv-1.1.1.tgz",
			"integrity": "sha512-dKOOF9Fz+CGcwjMSggO8B/Vjdrv+cEBfd6erU6bfeJnacvc6wpxIc0S+V83g/yoPYCo6ztRYv/1z5gN7erlM6w==",
			"optional": true,
			"requires": {
				"whatwg-url": "^8.5.0"
			}
		},
		"system-ca": {
			"version": "1.0.2",
			"resolved": "https://registry.npmjs.org/system-ca/-/system-ca-1.0.2.tgz",
			"integrity": "sha512-/6CCJOKB5Fpi0x7/DCbV7uiFPgwGCeJsAaSondXS2DjLBv7ER2worVGvQWJqPM0kgOKO6auaCcSWpJKnrDmXjw==",
			"requires": {
				"macos-export-certificate-and-key": "^1.1.1",
				"win-export-certificate-and-key": "^1.1.1"
			}
		},
		"tr46": {
			"version": "2.1.0",
			"resolved": "https://registry.npmjs.org/tr46/-/tr46-2.1.0.tgz",
			"integrity": "sha512-15Ih7phfcdP5YxqiB+iDtLoaTz4Nd35+IiAv0kQ5FNKHzXgdWqPoTIqEDDJmXceQt4JZk6lVPT8lnDlPpGDppw==",
			"optional": true,
			"requires": {
				"punycode": "^2.1.1"
			}
		},
		"webidl-conversions": {
			"version": "6.1.0",
			"resolved": "https://registry.npmjs.org/webidl-conversions/-/webidl-conversions-6.1.0.tgz",
			"integrity": "sha512-qBIvFLGiBpLjfwmYAaHPXsn+ho5xZnGvyGvsarywGNc8VyQJUMHJ8OBKGGrPER0okBeMDaan4mNBlgBROxuI8w==",
			"optional": true
		},
		"whatwg-url": {
			"version": "8.7.0",
			"resolved": "https://registry.npmjs.org/whatwg-url/-/whatwg-url-8.7.0.tgz",
			"integrity": "sha512-gAojqb/m9Q8a5IV96E3fHJM70AzCkgt4uXYX2O7EmuyOnLrViCQlsEBmF9UQIu3/aeAIp2U17rtbpZWNntQqdg==",
			"optional": true,
			"requires": {
				"lodash": "^4.7.0",
				"tr46": "^2.1.0",
				"webidl-conversions": "^6.1.0"
			}
		},
		"win-export-certificate-and-key": {
			"version": "1.1.1",
			"resolved": "https://registry.npmjs.org/win-export-certificate-and-key/-/win-export-certificate-and-key-1.1.1.tgz",
			"integrity": "sha512-wvF1DKlbt/PLOSdnKzIqv0Ipj+87n2VYOJFbkqBoN7l3l244reT7Lf6+Dnu86bYVWoVpq3ZZG417OLNHFnkP6A==",
			"optional": true,
			"requires": {
				"bindings": "^1.5.0",
				"node-addon-api": "^4.3.0",
				"node-forge": "^1.2.1"
			}
		}
	}
}
