{
	"name": "@mongosh/service-provider-browser",
	"version": "0.0.1-alpha.16",
	"lockfileVersion": 1,
	"requires": true,
	"dependencies": {
		"base64-js": {
			"version": "1.3.1",
			"resolved": "https://registry.npmjs.org/base64-js/-/base64-js-1.3.1.tgz",
			"integrity": "sha512-mLQ4i2QO1ytvGWFWmcngKO//JXAQueZvwEKtjgQFM4jIK0kU+ytMfplL8j+n5mspOfjHwoAg+9yhb7BwAHm36g=="
		},
		"bson": {
			"version": "4.0.2",
			"resolved": "https://registry.npmjs.org/bson/-/bson-4.0.2.tgz",
			"integrity": "sha512-rBdCxMBCg2aR420e1oKUejjcuPZLTibA7zEhWAlliFWEwzuBCC9Dkp5r7VFFIQB2t1WVsvTbohry575mc7Xw5A==",
			"requires": {
				"buffer": "^5.1.0",
				"long": "^4.0.0"
			}
		},
		"buffer": {
			"version": "5.6.0",
			"resolved": "https://registry.npmjs.org/buffer/-/buffer-5.6.0.tgz",
			"integrity": "sha512-/gDYp/UtU0eA1ys8bOs9J6a+E/KWIY+DZ+Q2WESNUA0jFRsJOc0SNUO6xJ5SGA1xueg3NL65W6s+NY5l9cunuw==",
			"requires": {
				"base64-js": "^1.0.2",
				"ieee754": "^1.1.4"
			}
		},
		"buffer-equal-constant-time": {
			"version": "1.0.1",
			"resolved": "https://registry.npmjs.org/buffer-equal-constant-time/-/buffer-equal-constant-time-1.0.1.tgz",
			"integrity": "sha1-+OcRMvf/5uAaXJaXpMbz5I1cyBk="
		},
		"detect-browser": {
			"version": "3.0.1",
			"resolved": "https://registry.npmjs.org/detect-browser/-/detect-browser-3.0.1.tgz",
			"integrity": "sha512-L6b76EfUxnoxGHM5Vz7nrshQPIbOHtitDWpGufrp5srQdJrEYi1xpUVZeFbfssWAJvUWo/iDIVlz8hOP4Z8OCw=="
		},
		"ecdsa-sig-formatter": {
			"version": "1.0.11",
			"resolved": "https://registry.npmjs.org/ecdsa-sig-formatter/-/ecdsa-sig-formatter-1.0.11.tgz",
			"integrity": "sha512-nagl3RYrbNv6kQkeJIpt6NJZy8twLB/2vtz6yN9Z4vRKHN4/QZJIEbqohALSgwKdnksuY3k5Addp5lg8sVoVcQ==",
			"requires": {
				"safe-buffer": "^5.0.1"
			}
		},
		"ieee754": {
			"version": "1.1.13",
			"resolved": "https://registry.npmjs.org/ieee754/-/ieee754-1.1.13.tgz",
			"integrity": "sha512-4vf7I2LYV/HaWerSo3XmlMkp5eZ83i+/CDluXi/IGTs/O1sejBNhTtnxzmRZfvOUqj7lZjqHkeTvpgSFDlWZTg=="
		},
		"jsonwebtoken": {
			"version": "8.2.1",
			"resolved": "https://registry.npmjs.org/jsonwebtoken/-/jsonwebtoken-8.2.1.tgz",
			"integrity": "sha512-l8rUBr0fqYYwPc8/ZGrue7GiW7vWdZtZqelxo4Sd5lMvuEeCK8/wS54sEo6tJhdZ6hqfutsj6COgC0d1XdbHGw==",
			"requires": {
				"jws": "^3.1.4",
				"lodash.includes": "^4.3.0",
				"lodash.isboolean": "^3.0.3",
				"lodash.isinteger": "^4.0.4",
				"lodash.isnumber": "^3.0.3",
				"lodash.isplainobject": "^4.0.6",
				"lodash.isstring": "^4.0.1",
				"lodash.once": "^4.0.0",
				"ms": "^2.1.1",
				"xtend": "^4.0.1"
			}
		},
		"jwa": {
			"version": "1.4.1",
			"resolved": "https://registry.npmjs.org/jwa/-/jwa-1.4.1.tgz",
			"integrity": "sha512-qiLX/xhEEFKUAJ6FiBMbes3w9ATzyk5W7Hvzpa/SLYdxNtng+gcurvrI7TbACjIXlsJyr05/S1oUhZrc63evQA==",
			"requires": {
				"buffer-equal-constant-time": "1.0.1",
				"ecdsa-sig-formatter": "1.0.11",
				"safe-buffer": "^5.0.1"
			}
		},
		"jws": {
			"version": "3.2.2",
			"resolved": "https://registry.npmjs.org/jws/-/jws-3.2.2.tgz",
			"integrity": "sha512-YHlZCB6lMTllWDtSPHz/ZXTsi8S00usEV6v1tjq8tOUZzw7DpSDWVXjXDre6ed1w/pd495ODpHZYSdkRTsa0HA==",
			"requires": {
				"jwa": "^1.4.1",
				"safe-buffer": "^5.0.1"
			}
		},
		"lodash.includes": {
			"version": "4.3.0",
			"resolved": "https://registry.npmjs.org/lodash.includes/-/lodash.includes-4.3.0.tgz",
			"integrity": "sha1-YLuYqHy5I8aMoeUTJUgzFISfVT8="
		},
		"lodash.isboolean": {
			"version": "3.0.3",
			"resolved": "https://registry.npmjs.org/lodash.isboolean/-/lodash.isboolean-3.0.3.tgz",
			"integrity": "sha1-bC4XHbKiV82WgC/UOwGyDV9YcPY="
		},
		"lodash.isinteger": {
			"version": "4.0.4",
			"resolved": "https://registry.npmjs.org/lodash.isinteger/-/lodash.isinteger-4.0.4.tgz",
			"integrity": "sha1-YZwK89A/iwTDH1iChAt3sRzWg0M="
		},
		"lodash.isnumber": {
			"version": "3.0.3",
			"resolved": "https://registry.npmjs.org/lodash.isnumber/-/lodash.isnumber-3.0.3.tgz",
			"integrity": "sha1-POdoEMWSjQM1IwGsKHMX8RwLH/w="
		},
		"lodash.isplainobject": {
			"version": "4.0.6",
			"resolved": "https://registry.npmjs.org/lodash.isplainobject/-/lodash.isplainobject-4.0.6.tgz",
			"integrity": "sha1-fFJqUtibRcRcxpC4gWO+BJf1UMs="
		},
		"lodash.isstring": {
			"version": "4.0.1",
			"resolved": "https://registry.npmjs.org/lodash.isstring/-/lodash.isstring-4.0.1.tgz",
			"integrity": "sha1-1SfftUVuynzJu5XV2ur4i6VKVFE="
		},
		"lodash.once": {
			"version": "4.1.1",
			"resolved": "https://registry.npmjs.org/lodash.once/-/lodash.once-4.1.1.tgz",
			"integrity": "sha1-DdOXEhPHxW34gJd9UEyI+0cal6w="
		},
		"long": {
			"version": "4.0.0",
			"resolved": "https://registry.npmjs.org/long/-/long-4.0.0.tgz",
			"integrity": "sha512-XsP+KhQif4bjX1kbuSiySJFNAehNxgLb6hPRGJ9QsUr8ajHkuXGdrHmFUTUUXhDwVX2R5bY4JNZEwbUiMhV+MA=="
		},
		"mongodb-stitch-browser-core": {
			"version": "4.8.0",
			"resolved": "https://registry.npmjs.org/mongodb-stitch-browser-core/-/mongodb-stitch-browser-core-4.8.0.tgz",
			"integrity": "sha512-tKzNW+w6VFQOS+opbC8lPjmgJx8H+/4s8qIwM2fcH+GUti+J6hcj3b8Eei7VcyHiWYNsS8S0cx+BypOmILhfeg==",
			"requires": {
				"bson": "4.0.2",
				"detect-browser": "^3.0.0",
				"mongodb-stitch-core-sdk": "^4.8.0",
				"whatwg-fetch": "^3.0.0"
			}
		},
		"mongodb-stitch-browser-sdk": {
			"version": "4.8.0",
			"resolved": "https://registry.npmjs.org/mongodb-stitch-browser-sdk/-/mongodb-stitch-browser-sdk-4.8.0.tgz",
			"integrity": "sha512-+u5OOwxhGFee2JiS/ocVqR4OQw5wEKCH99w0CJz9l5NqNpQeR1VZRt9HmMLk7k9fn4/LaL5QcdalzA9YA+T8eA==",
			"requires": {
				"mongodb-stitch-browser-core": "^4.8.0",
				"mongodb-stitch-browser-services-mongodb-remote": "^4.8.0"
			}
		},
		"mongodb-stitch-browser-services-mongodb-remote": {
			"version": "4.8.0",
			"resolved": "https://registry.npmjs.org/mongodb-stitch-browser-services-mongodb-remote/-/mongodb-stitch-browser-services-mongodb-remote-4.8.0.tgz",
			"integrity": "sha512-LPtuOufHKzrATNJB+DAdK0LYRvoVaAI+3Oobqx9FI9WAjNY22lwHiJQ7FBFejSEz1YL7Nap6f7Z2P2DlYr0WsA==",
			"requires": {
				"mongodb-stitch-browser-core": "^4.8.0",
				"mongodb-stitch-core-services-mongodb-remote": "^4.8.0"
			}
		},
		"mongodb-stitch-core-sdk": {
			"version": "4.8.0",
			"resolved": "https://registry.npmjs.org/mongodb-stitch-core-sdk/-/mongodb-stitch-core-sdk-4.8.0.tgz",
			"integrity": "sha512-IK6Yh8mGsX7zzgbk6l/4xt8lxYORpEc/rWSaZoNo70h+u0gBcNlOes6TdlqYgzi5Q/mT0gqWI9jhInrg0IvnGQ==",
			"requires": {
				"base64-js": "^1.3.0",
				"bson": "4.0.2",
				"jsonwebtoken": "8.2.1"
			}
		},
		"mongodb-stitch-core-services-mongodb-remote": {
			"version": "4.8.0",
			"resolved": "https://registry.npmjs.org/mongodb-stitch-core-services-mongodb-remote/-/mongodb-stitch-core-services-mongodb-remote-4.8.0.tgz",
			"integrity": "sha512-sxhmUqXlcn5152vqyoN7tQnowNKMSHUVms0rXOWXMVoHGf5eK+kqhtuT4haz/daa0pwR9L50NKYBRxOLt3phRg==",
			"requires": {
				"bson": "4.0.2",
				"mongodb-stitch-core-sdk": "^4.8.0"
			}
		},
		"ms": {
			"version": "2.1.2",
			"resolved": "https://registry.npmjs.org/ms/-/ms-2.1.2.tgz",
			"integrity": "sha512-sGkPx+VjMtmA6MX27oA4FBFELFCZZ4S4XqeGOXCv68tT+jb3vk/RyaKWP0PTKyWtmLSM0b+adUTEvbs1PEaH2w=="
		},
		"safe-buffer": {
			"version": "5.2.0",
			"resolved": "https://registry.npmjs.org/safe-buffer/-/safe-buffer-5.2.0.tgz",
			"integrity": "sha512-fZEwUGbVl7kouZs1jCdMLdt95hdIv0ZeHg6L7qPeciMZhZ+/gdesW4wgTARkrFWEpspjEATAzUGPG8N2jJiwbg=="
		},
		"whatwg-fetch": {
			"version": "3.0.0",
			"resolved": "https://registry.npmjs.org/whatwg-fetch/-/whatwg-fetch-3.0.0.tgz",
			"integrity": "sha512-9GSJUgz1D4MfyKU7KRqwOjXCXTqWdFNvEr7eUBYchQiVc744mqK/MzXPNR2WsPkmkOa4ywfg8C2n8h+13Bey1Q=="
		},
		"xtend": {
			"version": "4.0.2",
			"resolved": "https://registry.npmjs.org/xtend/-/xtend-4.0.2.tgz",
			"integrity": "sha512-LKYU1iAXJXUgAXn9URjiu+MWhyUXHsvfp7mcuYm9dSUKK0/CjtrUwFAxD82/mCWbtLsGjFIad0wIsod4zrTAEQ=="
		}
	}
}
