{
	"name": "@mongosh/docker-build-scripts",
	"version": "0.0.0-dev.0",
	"lockfileVersion": 2,
	"requires": true,
	"packages": {
		"": {
			"name": "@mongosh/docker-build-scripts",
			"version": "0.0.0-dev.0",
			"license": "Apache-2.0",
			"dependencies": {
				"mongodb-csfle-library-version": "^1.0.2"
			},
			"engines": {
				"node": ">=12.4.0"
			}
		},
		"node_modules/bindings": {
			"version": "1.5.0",
			"resolved": "https://registry.npmjs.org/bindings/-/bindings-1.5.0.tgz",
			"integrity": "sha512-p2q/t/mhvuOj/UeLlV6566GD/guowlr0hHxClI0W9m7MWYkL1F0hLo+0Aexs9HSPCtR1SXQ0TD3MMKrXZajbiQ==",
			"dependencies": {
				"file-uri-to-path": "1.0.0"
			}
		},
		"node_modules/file-uri-to-path": {
			"version": "1.0.0",
			"resolved": "https://registry.npmjs.org/file-uri-to-path/-/file-uri-to-path-1.0.0.tgz",
			"integrity": "sha512-0Zt+s3L7Vf1biwWZ29aARiVYLx7iMGnEUl9x33fbB/j3jR81u/O2LbqK+Bm1CDSNDKVtJ/YjwY7TUd5SkeLQLw=="
		},
		"node_modules/mongodb-csfle-library-version": {
			"version": "1.0.2",
			"resolved": "https://registry.npmjs.org/mongodb-csfle-library-version/-/mongodb-csfle-library-version-1.0.2.tgz",
			"integrity": "sha512-DzO4BDGh8nQUEjr7HcB9w1K1CZlfWQRA1Rkq1ROk8aJoaaEK2m++cyVHVUNzHGrYu7X1r5yqHlGxfPw5bSEU0w==",
			"hasInstallScript": true,
			"dependencies": {
				"bindings": "^1.5.0",
				"node-addon-api": "^4.3.0"
			},
			"bin": {
				"mongodb-csfle-library-version": "bin/mongodb-csfle-library-version.js"
			}
		},
		"node_modules/node-addon-api": {
			"version": "4.3.0",
			"resolved": "https://registry.npmjs.org/node-addon-api/-/node-addon-api-4.3.0.tgz",
			"integrity": "sha512-73sE9+3UaLYYFmDsFZnqCInzPyh3MqIwZO9cw58yIqAZhONrrabrYyYe3TuIqtIiOuTXVhsGau8hcrhhwSsDIQ=="
		}
	},
	"dependencies": {
		"bindings": {
			"version": "1.5.0",
			"resolved": "https://registry.npmjs.org/bindings/-/bindings-1.5.0.tgz",
			"integrity": "sha512-p2q/t/mhvuOj/UeLlV6566GD/guowlr0hHxClI0W9m7MWYkL1F0hLo+0Aexs9HSPCtR1SXQ0TD3MMKrXZajbiQ==",
			"requires": {
				"file-uri-to-path": "1.0.0"
			}
		},
		"file-uri-to-path": {
			"version": "1.0.0",
			"resolved": "https://registry.npmjs.org/file-uri-to-path/-/file-uri-to-path-1.0.0.tgz",
			"integrity": "sha512-0Zt+s3L7Vf1biwWZ29aARiVYLx7iMGnEUl9x33fbB/j3jR81u/O2LbqK+Bm1CDSNDKVtJ/YjwY7TUd5SkeLQLw=="
		},
		"mongodb-csfle-library-version": {
			"version": "1.0.2",
			"resolved": "https://registry.npmjs.org/mongodb-csfle-library-version/-/mongodb-csfle-library-version-1.0.2.tgz",
			"integrity": "sha512-DzO4BDGh8nQUEjr7HcB9w1K1CZlfWQRA1Rkq1ROk8aJoaaEK2m++cyVHVUNzHGrYu7X1r5yqHlGxfPw5bSEU0w==",
			"requires": {
				"bindings": "^1.5.0",
				"node-addon-api": "^4.3.0"
			}
		},
		"node-addon-api": {
			"version": "4.3.0",
			"resolved": "https://registry.npmjs.org/node-addon-api/-/node-addon-api-4.3.0.tgz",
			"integrity": "sha512-73sE9+3UaLYYFmDsFZnqCInzPyh3MqIwZO9cw58yIqAZhONrrabrYyYe3TuIqtIiOuTXVhsGau8hcrhhwSsDIQ=="
		}
	}
}
