{
	"name": "@mongosh/snippet-manager",
	"version": "0.0.0-dev.0",
	"lockfileVersion": 1,
	"requires": true,
	"dependencies": {
		"@hapi/hoek": {
			"version": "9.2.0",
			"resolved": "https://registry.npmjs.org/@hapi/hoek/-/hoek-9.2.0.tgz",
			"integrity": "sha512-sqKVVVOe5ivCaXDWivIJYVSaEgdQK9ul7a4Kity5Iw7u9+wBAPbX1RMSnLLmp7O4Vzj0WOWwMAJsTL00xwaNug=="
		},
		"@hapi/topo": {
			"version": "5.0.0",
			"resolved": "https://registry.npmjs.org/@hapi/topo/-/topo-5.0.0.tgz",
			"integrity": "sha512-tFJlT47db0kMqVm3H4nQYgn6Pwg10GTZHb1pwmSiv1K4ks6drQOtfEF5ZnPjkvC+y4/bUPHK+bc87QvLcL+WMw==",
			"requires": {
				"@hapi/hoek": "^9.0.0"
			}
		},
		"@sideway/address": {
			"version": "4.1.2",
			"resolved": "https://registry.npmjs.org/@sideway/address/-/address-4.1.2.tgz",
			"integrity": "sha512-idTz8ibqWFrPU8kMirL0CoPH/A29XOzzAzpyN3zQ4kAWnzmNfFmRaoMNN6VI8ske5M73HZyhIaW4OuSFIdM4oA==",
			"requires": {
				"@hapi/hoek": "^9.0.0"
			}
		},
		"@sideway/formula": {
			"version": "3.0.0",
			"resolved": "https://registry.npmjs.org/@sideway/formula/-/formula-3.0.0.tgz",
			"integrity": "sha512-vHe7wZ4NOXVfkoRb8T5otiENVlT7a3IAiw7H5M2+GO+9CDgcVUUsX1zalAztCmwyOr2RUTGJdgB+ZvSVqmdHmg=="
		},
		"@sideway/pinpoint": {
			"version": "2.0.0",
			"resolved": "https://registry.npmjs.org/@sideway/pinpoint/-/pinpoint-2.0.0.tgz",
			"integrity": "sha512-RNiOoTPkptFtSVzQevY/yWtZwf/RxyVnPy/OcA9HBM3MlGDnBEYL5B41H0MTn0Uec8Hi+2qUtTfG2WWZBmMejQ=="
		},
		"@types/cross-spawn": {
			"version": "6.0.2",
			"resolved": "https://registry.npmjs.org/@types/cross-spawn/-/cross-spawn-6.0.2.tgz",
			"integrity": "sha512-KuwNhp3eza+Rhu8IFI5HUXRP0LIhqH5cAjubUvGXXthh4YYBuP2ntwEX+Cz8GJoZUHlKo247wPWOfA9LYEq4cw==",
			"dev": true,
			"requires": {
				"@types/node": "*"
			}
		},
		"@types/minipass": {
			"version": "2.2.0",
			"resolved": "https://registry.npmjs.org/@types/minipass/-/minipass-2.2.0.tgz",
			"integrity": "sha512-wuzZksN4w4kyfoOv/dlpov4NOunwutLA/q7uc00xU02ZyUY+aoM5PWIXEKBMnm0NHd4a+N71BMjq+x7+2Af1fg==",
			"dev": true,
			"requires": {
				"@types/node": "*"
			}
		},
		"@types/node": {
			"version": "14.14.37",
			"resolved": "https://registry.npmjs.org/@types/node/-/node-14.14.37.tgz",
			"integrity": "sha512-XYmBiy+ohOR4Lh5jE379fV2IU+6Jn4g5qASinhitfyO71b/sCo6MKsMLF5tc7Zf2CE8hViVQyYSobJNke8OvUw==",
			"dev": true
		},
		"@types/node-fetch": {
			"version": "2.5.10",
			"resolved": "https://registry.npmjs.org/@types/node-fetch/-/node-fetch-2.5.10.tgz",
			"integrity": "sha512-IpkX0AasN44hgEad0gEF/V6EgR5n69VEqPEgnmoM8GsIGro3PowbWs4tR6IhxUTyPLpOn+fiGG6nrQhcmoCuIQ==",
			"dev": true,
			"requires": {
				"@types/node": "*",
				"form-data": "^3.0.0"
			}
		},
		"@types/tar": {
			"version": "4.0.4",
			"resolved": "https://registry.npmjs.org/@types/tar/-/tar-4.0.4.tgz",
			"integrity": "sha512-0Xv+xcmkTsOZdIF4yCnd7RkOOyfyqPaqJ7RZFKnwdxfDbkN3eAAE9sHl8zJFqBz4VhxolW9EErbjR1oyH7jK2A==",
			"dev": true,
			"requires": {
				"@types/minipass": "*",
				"@types/node": "*"
			}
		},
		"asynckit": {
			"version": "0.4.0",
			"resolved": "https://registry.npmjs.org/asynckit/-/asynckit-0.4.0.tgz",
			"integrity": "sha1-x57Zf380y48robyXkLzDZkdLS3k=",
			"dev": true
		},
		"base64-js": {
			"version": "1.5.1",
			"resolved": "https://registry.npmjs.org/base64-js/-/base64-js-1.5.1.tgz",
			"integrity": "sha512-AKpaYlHn8t4SVbOHCy+b5+KKgvR4vrsD8vbvrbiQJps7fKDTkjkDry6ji0rUJjC0kzbNePLwzxq8iypo41qeWA=="
		},
		"bson": {
			"version": "4.3.0",
			"resolved": "https://registry.npmjs.org/bson/-/bson-4.3.0.tgz",
			"integrity": "sha512-LkKKeFJx5D6RRCRvLE+fDs40M2ZQNuk7W7tFXmKd7OOcQQ+BHdzCgRdL4XEGjc1UEGtiYuMvIVk91Bv8qsI50A==",
			"requires": {
				"buffer": "^5.6.0"
			}
		},
		"buffer": {
			"version": "5.7.1",
			"resolved": "https://registry.npmjs.org/buffer/-/buffer-5.7.1.tgz",
			"integrity": "sha512-EHcyIPBQ4BSGlvjB16k5KgAJ27CIsHY/2JBmCRReo48y9rQ3MaUzWX3KVlBa4U7MyX02HdVj0K7C3WaB3ju7FQ==",
			"requires": {
				"base64-js": "^1.3.1",
				"ieee754": "^1.1.13"
			}
		},
		"chownr": {
			"version": "2.0.0",
			"resolved": "https://registry.npmjs.org/chownr/-/chownr-2.0.0.tgz",
			"integrity": "sha512-bIomtDF5KGpdogkLd9VspvFzk9KfpyyGlS8YFVZl7TGPBHL5snIOnxeshwVgPteQ9b4Eydl+pVbIyE1DcvCWgQ=="
		},
		"combined-stream": {
			"version": "1.0.8",
			"resolved": "https://registry.npmjs.org/combined-stream/-/combined-stream-1.0.8.tgz",
			"integrity": "sha512-FQN4MRfuJeHf7cBbBMJFXhKSDq+2kAArBlmRBvcvFE5BB1HZKXtSFASDhdlz9zOYwxh8lDdnvmMOe/+5cdoEdg==",
			"dev": true,
			"requires": {
				"delayed-stream": "~1.0.0"
			}
		},
		"cross-spawn": {
			"version": "7.0.3",
			"resolved": "https://registry.npmjs.org/cross-spawn/-/cross-spawn-7.0.3.tgz",
			"integrity": "sha512-iRDPJKUPVEND7dHPO8rkbOnPpyDygcDFtWjpeWNCgy8WP2rXcxXL8TskReQl6OrB2G7+UJrags1q15Fudc7G6w==",
			"requires": {
				"path-key": "^3.1.0",
				"shebang-command": "^2.0.0",
				"which": "^2.0.1"
			}
		},
		"delayed-stream": {
			"version": "1.0.0",
			"resolved": "https://registry.npmjs.org/delayed-stream/-/delayed-stream-1.0.0.tgz",
			"integrity": "sha1-3zrhmayt+31ECqrgsp4icrJOxhk=",
			"dev": true
		},
		"escape-string-regexp": {
			"version": "4.0.0",
			"resolved": "https://registry.npmjs.org/escape-string-regexp/-/escape-string-regexp-4.0.0.tgz",
			"integrity": "sha512-TtpcNJ3XAzx3Gq8sWRzJaVajRs0uVxA2YAkdb1jm2YkPz4G6egUFAyA3n5vtEIZefPk5Wa4UXbKuS5fKkJWdgA=="
		},
		"form-data": {
			"version": "3.0.1",
			"resolved": "https://registry.npmjs.org/form-data/-/form-data-3.0.1.tgz",
			"integrity": "sha512-RHkBKtLWUVwd7SqRIvCZMEvAMoGUp0XU+seQiZejj0COz3RI3hWP4sCv3gZWWLjJTd7rGwcsF5eKZGii0r/hbg==",
			"dev": true,
			"requires": {
				"asynckit": "^0.4.0",
				"combined-stream": "^1.0.8",
				"mime-types": "^2.1.12"
			}
		},
		"fs-minipass": {
			"version": "2.1.0",
			"resolved": "https://registry.npmjs.org/fs-minipass/-/fs-minipass-2.1.0.tgz",
			"integrity": "sha512-V/JgOLFCS+R6Vcq0slCuaeWEdNC3ouDlJMNIsacH2VtALiu9mV4LPrHc5cDl8k5aw6J8jwgWWpiTo5RYhmIzvg==",
			"requires": {
				"minipass": "^3.0.0"
			}
		},
		"ieee754": {
			"version": "1.2.1",
			"resolved": "https://registry.npmjs.org/ieee754/-/ieee754-1.2.1.tgz",
			"integrity": "sha512-dcyqhDvX1C46lXZcVqCpK+FtMRQVdIMN6/Df5js2zouUsqG7I6sFxitIC+7KYK29KdXOLHdu9zL4sFnoVQnqaA=="
		},
		"isexe": {
			"version": "2.0.0",
			"resolved": "https://registry.npmjs.org/isexe/-/isexe-2.0.0.tgz",
			"integrity": "sha1-6PvzdNxVb/iUehDcsFctYz8s+hA="
		},
		"joi": {
			"version": "17.4.0",
			"resolved": "https://registry.npmjs.org/joi/-/joi-17.4.0.tgz",
			"integrity": "sha512-F4WiW2xaV6wc1jxete70Rw4V/VuMd6IN+a5ilZsxG4uYtUXWu2kq9W5P2dz30e7Gmw8RCbY/u/uk+dMPma9tAg==",
			"requires": {
				"@hapi/hoek": "^9.0.0",
				"@hapi/topo": "^5.0.0",
				"@sideway/address": "^4.1.0",
				"@sideway/formula": "^3.0.0",
				"@sideway/pinpoint": "^2.0.0"
			}
		},
		"mime-db": {
			"version": "1.47.0",
			"resolved": "https://registry.npmjs.org/mime-db/-/mime-db-1.47.0.tgz",
			"integrity": "sha512-QBmA/G2y+IfeS4oktet3qRZ+P5kPhCKRXxXnQEudYqUaEioAU1/Lq2us3D/t1Jfo4hE9REQPrbB7K5sOczJVIw==",
			"dev": true
		},
		"mime-types": {
			"version": "2.1.30",
			"resolved": "https://registry.npmjs.org/mime-types/-/mime-types-2.1.30.tgz",
			"integrity": "sha512-crmjA4bLtR8m9qLpHvgxSChT+XoSlZi8J4n/aIdn3z92e/U47Z0V/yl+Wh9W046GgFVAmoNR/fmdbZYcSSIUeg==",
			"dev": true,
			"requires": {
				"mime-db": "1.47.0"
			}
		},
		"minipass": {
			"version": "3.1.3",
			"resolved": "https://registry.npmjs.org/minipass/-/minipass-3.1.3.tgz",
			"integrity": "sha512-Mgd2GdMVzY+x3IJ+oHnVM+KG3lA5c8tnabyJKmHSaG2kAGpudxuOf8ToDkhumF7UzME7DecbQE9uOZhNm7PuJg==",
			"requires": {
				"yallist": "^4.0.0"
			}
		},
		"minizlib": {
			"version": "2.1.2",
			"resolved": "https://registry.npmjs.org/minizlib/-/minizlib-2.1.2.tgz",
			"integrity": "sha512-bAxsR8BVfj60DWXHE3u30oHzfl4G7khkSuPW+qvpd7jFRHm7dLxOjUk1EHACJ/hxLY8phGJ0YhYHZo7jil7Qdg==",
			"requires": {
				"minipass": "^3.0.0",
				"yallist": "^4.0.0"
			}
		},
		"mkdirp": {
			"version": "1.0.4",
			"resolved": "https://registry.npmjs.org/mkdirp/-/mkdirp-1.0.4.tgz",
			"integrity": "sha512-vVqVZQyf3WLx2Shd0qJ9xuvqgAyKPLAiqITEtqW0oIUjzo3PePDd6fW9iFz30ef7Ysp/oiWqbhszeGWW2T6Gzw=="
		},
		"nanoassert": {
			"version": "1.1.0",
			"resolved": "https://registry.npmjs.org/nanoassert/-/nanoassert-1.1.0.tgz",
			"integrity": "sha1-TzFS4JVA/eKMdvRLGbvNHVpCR40=",
			"dev": true
		},
		"nanobus": {
			"version": "4.5.0",
			"resolved": "https://registry.npmjs.org/nanobus/-/nanobus-4.5.0.tgz",
			"integrity": "sha512-7sBZo9wthqNJ7QXnfVXZL7fkKJLN55GLOdX+RyZT34UOvxxnFtJe/c7K0ZRLAKOvaY1xJThFFn0Usw2H9R6Frg==",
			"dev": true,
			"requires": {
				"nanoassert": "^1.1.0",
				"nanotiming": "^7.2.0",
				"remove-array-items": "^1.0.0"
			}
		},
		"nanoscheduler": {
			"version": "1.0.3",
			"resolved": "https://registry.npmjs.org/nanoscheduler/-/nanoscheduler-1.0.3.tgz",
			"integrity": "sha512-jBbrF3qdU9321r8n9X7yu18DjP31Do2ItJm3mWrt90wJTrnDO+HXpoV7ftaUglAtjgj9s+OaCxGufbvx6pvbEQ==",
			"dev": true,
			"requires": {
				"nanoassert": "^1.1.0"
			}
		},
		"nanotiming": {
			"version": "7.3.1",
			"resolved": "https://registry.npmjs.org/nanotiming/-/nanotiming-7.3.1.tgz",
			"integrity": "sha512-l3lC7v/PfOuRWQa8vV29Jo6TG10wHtnthLElFXs4Te4Aas57Fo4n1Q8LH9n+NDh9riOzTVvb2QNBhTS4JUKNjw==",
			"dev": true,
			"requires": {
				"nanoassert": "^1.1.0",
				"nanoscheduler": "^1.0.2"
			}
		},
		"node-fetch": {
			"version": "2.6.1",
			"resolved": "https://registry.npmjs.org/node-fetch/-/node-fetch-2.6.1.tgz",
			"integrity": "sha512-V4aYg89jEoVRxRb2fJdAg8FHvI7cEyYdVAh94HH0UIK8oJxUfkjlDQN9RbMx+bEjP7+ggMiFRprSti032Oipxw=="
		},
		"path-key": {
			"version": "3.1.1",
			"resolved": "https://registry.npmjs.org/path-key/-/path-key-3.1.1.tgz",
			"integrity": "sha512-ojmeN0qd+y0jszEtoY48r0Peq5dwMEkIlCOu6Q5f41lfkswXuKtYrhgoTpLnyIcHm24Uhqx+5Tqm2InSwLhE6Q=="
		},
		"remove-array-items": {
			"version": "1.1.1",
			"resolved": "https://registry.npmjs.org/remove-array-items/-/remove-array-items-1.1.1.tgz",
			"integrity": "sha512-MXW/jtHyl5F1PZI7NbpS8SOtympdLuF20aoWJT5lELR1p/HJDd5nqW8Eu9uLh/hCRY3FgvrIT5AwDCgBODklcA==",
			"dev": true
		},
		"shebang-command": {
			"version": "2.0.0",
			"resolved": "https://registry.npmjs.org/shebang-command/-/shebang-command-2.0.0.tgz",
			"integrity": "sha512-kHxr2zZpYtdmrN1qDjrrX/Z1rR1kG8Dx+gkpK1G4eXmvXswmcE1hTWBWYUzlraYw1/yZp6YuDY77YtvbN0dmDA==",
			"requires": {
				"shebang-regex": "^3.0.0"
			}
		},
		"shebang-regex": {
			"version": "3.0.0",
			"resolved": "https://registry.npmjs.org/shebang-regex/-/shebang-regex-3.0.0.tgz",
			"integrity": "sha512-7++dFhtcx3353uBaq8DDR4NuxBetBzC7ZQOhmTQInHEd6bSrXdiEyzCvG07Z44UYdLShWUyXt5M/yhz8ekcb1A=="
		},
		"tar": {
			"version": "6.1.0",
			"resolved": "https://registry.npmjs.org/tar/-/tar-6.1.0.tgz",
			"integrity": "sha512-DUCttfhsnLCjwoDoFcI+B2iJgYa93vBnDUATYEeRx6sntCTdN01VnqsIuTlALXla/LWooNg0yEGeB+Y8WdFxGA==",
			"requires": {
				"chownr": "^2.0.0",
				"fs-minipass": "^2.0.0",
				"minipass": "^3.0.0",
				"minizlib": "^2.1.1",
				"mkdirp": "^1.0.3",
				"yallist": "^4.0.0"
			}
		},
		"which": {
			"version": "2.0.2",
			"resolved": "https://registry.npmjs.org/which/-/which-2.0.2.tgz",
			"integrity": "sha512-BLI3Tl1TW3Pvl70l3yq3Y64i+awpwXqsGBYWkkqMtnbXgrMD+yj7rhW0kuEDxzJaYXGjEW5ogapKNMEKNMjibA==",
			"requires": {
				"isexe": "^2.0.0"
			}
		},
		"yallist": {
			"version": "4.0.0",
			"resolved": "https://registry.npmjs.org/yallist/-/yallist-4.0.0.tgz",
			"integrity": "sha512-3wdGidZyq5PB084XLES5TpOSRA3wjXAlIWMhum2kRcv/41Sn2emQ0dycQW4uZXLejwKvg6EsvbdlVL+FYEct7A=="
		}
	}
}
