{
	"name": "@mongosh/shell-api",
	"version": "0.1.0",
	"lockfileVersion": 1,
	"requires": true,
	"dependencies": {
		"bson": {
			"version": "1.1.4",
			"resolved": "https://registry.npmjs.org/bson/-/bson-1.1.4.tgz",
			"integrity": "sha512-S/yKGU1syOMzO86+dGpg2qGoDL0zvzcb262G+gqEy6TgP6rt6z6qxSFX/8X6vLC91P7G7C3nLs0+bvDzmvBA3Q=="
		}
	}
}
