{
	"name": "@mongosh/shell-api",
	"version": "0.0.0-dev.0",
	"lockfileVersion": 2,
	"requires": true,
	"packages": {
		"": {
			"name": "@mongosh/shell-api",
			"version": "0.0.0-dev.0",
			"license": "Apache-2.0",
			"dependencies": {
				"mongodb-redact": "^0.2.2"
			},
			"engines": {
				"node": ">=12.4.0"
			}
		},
		"node_modules/lodash": {
			"version": "4.17.21",
			"resolved": "https://registry.npmjs.org/lodash/-/lodash-4.17.21.tgz",
			"integrity": "sha512-v2kDEe57lecTulaDIuNTPy3Ry4gLGJ6Z1O3vE1krgXZNrsQ+LFTGHVxVjcXPs17LhbZVGedAJv8XZ1tvj5FvSg=="
		},
		"node_modules/mongodb-redact": {
			"version": "0.2.2",
			"resolved": "https://registry.npmjs.org/mongodb-redact/-/mongodb-redact-0.2.2.tgz",
			"integrity": "sha512-tmgDpSBymFtKggsLzpa0vDYaqh2wEXOswBZtJkXvbPKP0ThfPwoFYXtOukactU6WZsC4RYmpSPM4P6582FR/Xw==",
			"dependencies": {
				"lodash": "^4.17.15"
			}
		}
	},
	"dependencies": {
		"lodash": {
			"version": "4.17.21",
			"resolved": "https://registry.npmjs.org/lodash/-/lodash-4.17.21.tgz",
			"integrity": "sha512-v2kDEe57lecTulaDIuNTPy3Ry4gLGJ6Z1O3vE1krgXZNrsQ+LFTGHVxVjcXPs17LhbZVGedAJv8XZ1tvj5FvSg=="
		},
		"mongodb-redact": {
			"version": "0.2.2",
			"resolved": "https://registry.npmjs.org/mongodb-redact/-/mongodb-redact-0.2.2.tgz",
			"integrity": "sha512-tmgDpSBymFtKggsLzpa0vDYaqh2wEXOswBZtJkXvbPKP0ThfPwoFYXtOukactU6WZsC4RYmpSPM4P6582FR/Xw==",
			"requires": {
				"lodash": "^4.17.15"
			}
		}
	}
}
