{
	"name": "@mongosh/i18n",
	"version": "0.0.0-dev.0",
	"lockfileVersion": 2,
	"requires": true,
	"packages": {
		"": {
			"name": "@mongosh/i18n",
			"version": "0.0.0-dev.0",
			"license": "Apache-2.0",
			"dependencies": {
				"mustache": "^4.0.0"
			},
			"devDependencies": {
				"@types/mustache": "^4.0.1"
			},
			"engines": {
				"node": ">=12.4.0"
			}
		},
		"node_modules/@types/mustache": {
			"version": "4.0.1",
			"resolved": "https://registry.npmjs.org/@types/mustache/-/mustache-4.0.1.tgz",
			"integrity": "sha512-wH6Tu9mbiOt0n5EvdoWy0VGQaJMHfLIxY/6wS0xLC7CV1taM6gESEzcYy0ZlWvxxiiljYvfDIvz4hHbUUDRlhw==",
			"dev": true
		},
		"node_modules/mustache": {
			"version": "4.0.1",
			"resolved": "https://registry.npmjs.org/mustache/-/mustache-4.0.1.tgz",
			"integrity": "sha512-yL5VE97+OXn4+Er3THSmTdCFCtx5hHWzrolvH+JObZnUYwuaG7XV+Ch4fR2cIrcYI0tFHxS7iyFYl14bW8y2sA==",
			"bin": {
				"mustache": "bin/mustache"
			},
			"engines": {
				"npm": ">=1.4.0"
			}
		}
	},
	"dependencies": {
		"@types/mustache": {
			"version": "4.0.1",
			"resolved": "https://registry.npmjs.org/@types/mustache/-/mustache-4.0.1.tgz",
			"integrity": "sha512-wH6Tu9mbiOt0n5EvdoWy0VGQaJMHfLIxY/6wS0xLC7CV1taM6gESEzcYy0ZlWvxxiiljYvfDIvz4hHbUUDRlhw==",
			"dev": true
		},
		"mustache": {
			"version": "4.0.1",
			"resolved": "https://registry.npmjs.org/mustache/-/mustache-4.0.1.tgz",
			"integrity": "sha512-yL5VE97+OXn4+Er3THSmTdCFCtx5hHWzrolvH+JObZnUYwuaG7XV+Ch4fR2cIrcYI0tFHxS7iyFYl14bW8y2sA=="
		}
	}
}
