{
	"name": "@mongosh/i18n",
	"version": "0.0.0-dev.0",
	"lockfileVersion": 2,
	"requires": true,
	"packages": {
		"": {
			"name": "@mongosh/i18n",
			"version": "0.0.0-dev.0",
			"license": "Apache-2.0",
			"dependencies": {
				"mustache": "^4.0.0"
			},
			"devDependencies": {
				"@types/mustache": "^4.0.1"
			},
			"engines": {
				"node": ">=12.4.0"
			}
		},
		"node_modules/@types/mustache": {
			"version": "4.1.2",
			"resolved": "https://registry.npmjs.org/@types/mustache/-/mustache-4.1.2.tgz",
			"integrity": "sha512-c4OVMMcyodKQ9dpwBwh3ofK9P6U9ZktKU9S+p33UqwMNN1vlv2P0zJZUScTshnx7OEoIIRcCFNQ904sYxZz8kg==",
			"dev": true
		},
		"node_modules/mustache": {
			"version": "4.2.0",
			"resolved": "https://registry.npmjs.org/mustache/-/mustache-4.2.0.tgz",
			"integrity": "sha512-71ippSywq5Yb7/tVYyGbkBggbU8H3u5Rz56fH60jGFgr8uHwxs+aSKeqmluIVzM0m0kB7xQjKS6qPfd0b2ZoqQ==",
			"bin": {
				"mustache": "bin/mustache"
			}
		}
	},
	"dependencies": {
		"@types/mustache": {
			"version": "4.1.2",
			"resolved": "https://registry.npmjs.org/@types/mustache/-/mustache-4.1.2.tgz",
			"integrity": "sha512-c4OVMMcyodKQ9dpwBwh3ofK9P6U9ZktKU9S+p33UqwMNN1vlv2P0zJZUScTshnx7OEoIIRcCFNQ904sYxZz8kg==",
			"dev": true
		},
		"mustache": {
			"version": "4.2.0",
			"resolved": "https://registry.npmjs.org/mustache/-/mustache-4.2.0.tgz",
			"integrity": "sha512-71ippSywq5Yb7/tVYyGbkBggbU8H3u5Rz56fH60jGFgr8uHwxs+aSKeqmluIVzM0m0kB7xQjKS6qPfd0b2ZoqQ=="
		}
	}
}
