{
  "name": "mongosh-service-provider",
  "version": "0.0.0",
  "lockfileVersion": 1,
  "requires": true,
  "dependencies": {
    "mongosh-transport": {
      "version": "file:../transport",
      "requires": {
        "mongodb": "^3.3.3",
        "mongodb-stitch-browser-sdk": "^4.7.0",
        "mongodb-stitch-server-sdk": "^4.7.0"
      },
      "dependencies": {
        "base64-js": {
          "version": "1.3.1",
          "bundled": true
        },
        "bson": {
          "version": "1.1.3",
          "bundled": true
        },
        "buffer": {
          "version": "5.4.3",
          "bundled": true,
          "requires": {
            "base64-js": "^1.0.2",
            "ieee754": "^1.1.4"
          }
        },
        "buffer-equal-constant-time": {
          "version": "1.0.1",
          "bundled": true
        },
        "detect-browser": {
          "version": "3.0.1",
          "bundled": true
        },
        "ecdsa-sig-formatter": {
          "version": "1.0.11",
          "bundled": true,
          "requires": {
            "safe-buffer": "^5.0.1"
          }
        },
        "eventsource": {
          "version": "1.0.7",
          "bundled": true,
          "requires": {
            "original": "^1.0.0"
          }
        },
        "fs-extra": {
          "version": "6.0.1",
          "bundled": true,
          "requires": {
            "graceful-fs": "^4.1.2",
            "jsonfile": "^4.0.0",
            "universalify": "^0.1.0"
          }
        },
        "graceful-fs": {
          "version": "4.2.3",
          "bundled": true
        },
        "ieee754": {
          "version": "1.1.13",
          "bundled": true
        },
        "jsonfile": {
          "version": "4.0.0",
          "bundled": true,
          "requires": {
            "graceful-fs": "^4.1.6"
          }
        },
        "jsonwebtoken": {
          "version": "8.2.1",
          "bundled": true,
          "requires": {
            "jws": "^3.1.4",
            "lodash.includes": "^4.3.0",
            "lodash.isboolean": "^3.0.3",
            "lodash.isinteger": "^4.0.4",
            "lodash.isnumber": "^3.0.3",
            "lodash.isplainobject": "^4.0.6",
            "lodash.isstring": "^4.0.1",
            "lodash.once": "^4.0.0",
            "ms": "^2.1.1",
            "xtend": "^4.0.1"
          }
        },
        "jwa": {
          "version": "1.4.1",
          "bundled": true,
          "requires": {
            "buffer-equal-constant-time": "1.0.1",
            "ecdsa-sig-formatter": "1.0.11",
            "safe-buffer": "^5.0.1"
          }
        },
        "jws": {
          "version": "3.2.2",
          "bundled": true,
          "requires": {
            "jwa": "^1.4.1",
            "safe-buffer": "^5.0.1"
          }
        },
        "lodash.includes": {
          "version": "4.3.0",
          "bundled": true
        },
        "lodash.isboolean": {
          "version": "3.0.3",
          "bundled": true
        },
        "lodash.isinteger": {
          "version": "4.0.4",
          "bundled": true
        },
        "lodash.isnumber": {
          "version": "3.0.3",
          "bundled": true
        },
        "lodash.isplainobject": {
          "version": "4.0.6",
          "bundled": true
        },
        "lodash.isstring": {
          "version": "4.0.1",
          "bundled": true
        },
        "lodash.once": {
          "version": "4.1.1",
          "bundled": true
        },
        "long": {
          "version": "4.0.0",
          "bundled": true
        },
        "memory-pager": {
          "version": "1.5.0",
          "bundled": true,
          "optional": true
        },
        "mongodb": {
          "version": "3.3.4",
          "bundled": true,
          "requires": {
            "bson": "^1.1.1",
            "require_optional": "^1.0.1",
            "safe-buffer": "^5.1.2",
            "saslprep": "^1.0.0"
          }
        },
        "mongodb-stitch-browser-core": {
          "version": "4.7.1",
          "bundled": true,
          "requires": {
            "bson": "4.0.2",
            "detect-browser": "^3.0.0",
            "mongodb-stitch-core-sdk": "^4.7.1",
            "whatwg-fetch": "^3.0.0"
          },
          "dependencies": {
            "bson": {
              "version": "4.0.2",
              "bundled": true,
              "requires": {
                "buffer": "^5.1.0",
                "long": "^4.0.0"
              }
            }
          }
        },
        "mongodb-stitch-browser-sdk": {
          "version": "4.7.1",
          "bundled": true,
          "requires": {
            "mongodb-stitch-browser-core": "^4.7.1",
            "mongodb-stitch-browser-services-mongodb-remote": "^4.7.1"
          }
        },
        "mongodb-stitch-browser-services-mongodb-remote": {
          "version": "4.7.1",
          "bundled": true,
          "requires": {
            "mongodb-stitch-browser-core": "^4.7.1",
            "mongodb-stitch-core-services-mongodb-remote": "^4.7.1"
          }
        },
        "mongodb-stitch-core-sdk": {
          "version": "4.7.1",
          "bundled": true,
          "requires": {
            "base64-js": "^1.3.0",
            "bson": "4.0.2",
            "jsonwebtoken": "8.2.1"
          },
          "dependencies": {
            "bson": {
              "version": "4.0.2",
              "bundled": true,
              "requires": {
                "buffer": "^5.1.0",
                "long": "^4.0.0"
              }
            }
          }
        },
        "mongodb-stitch-core-services-mongodb-remote": {
          "version": "4.7.1",
          "bundled": true,
          "requires": {
            "bson": "4.0.2",
            "mongodb-stitch-core-sdk": "^4.7.1"
          },
          "dependencies": {
            "bson": {
              "version": "4.0.2",
              "bundled": true,
              "requires": {
                "buffer": "^5.1.0",
                "long": "^4.0.0"
              }
            }
          }
        },
        "mongodb-stitch-server-core": {
          "version": "4.7.1",
          "bundled": true,
          "requires": {
            "bson": "4.0.2",
            "eventsource": "1.0.7",
            "fs-extra": "^6.0.1",
            "mongodb-stitch-core-sdk": "^4.7.1",
            "node-fetch": "^2.3.0"
          },
          "dependencies": {
            "bson": {
              "version": "4.0.2",
              "bundled": true,
              "requires": {
                "buffer": "^5.1.0",
                "long": "^4.0.0"
              }
            }
          }
        },
        "mongodb-stitch-server-sdk": {
          "version": "4.7.1",
          "bundled": true,
          "requires": {
            "mongodb-stitch-server-core": "^4.7.1",
            "mongodb-stitch-server-services-mongodb-remote": "^4.7.1"
          }
        },
        "mongodb-stitch-server-services-mongodb-remote": {
          "version": "4.7.1",
          "bundled": true,
          "requires": {
            "mongodb-stitch-core-services-mongodb-remote": "^4.7.1",
            "mongodb-stitch-server-core": "^4.7.1"
          }
        },
        "ms": {
          "version": "2.1.2",
          "bundled": true
        },
        "node-fetch": {
          "version": "2.6.0",
          "bundled": true
        },
        "original": {
          "version": "1.0.2",
          "bundled": true,
          "requires": {
            "url-parse": "^1.4.3"
          }
        },
        "querystringify": {
          "version": "2.1.1",
          "bundled": true
        },
        "require_optional": {
          "version": "1.0.1",
          "bundled": true,
          "requires": {
            "resolve-from": "^2.0.0",
            "semver": "^5.1.0"
          }
        },
        "requires-port": {
          "version": "1.0.0",
          "bundled": true
        },
        "resolve-from": {
          "version": "2.0.0",
          "bundled": true
        },
        "safe-buffer": {
          "version": "5.2.0",
          "bundled": true
        },
        "saslprep": {
          "version": "1.0.3",
          "bundled": true,
          "optional": true,
          "requires": {
            "sparse-bitfield": "^3.0.3"
          }
        },
        "semver": {
          "version": "5.7.1",
          "bundled": true
        },
        "sparse-bitfield": {
          "version": "3.0.3",
          "bundled": true,
          "optional": true,
          "requires": {
            "memory-pager": "^1.0.2"
          }
        },
        "universalify": {
          "version": "0.1.2",
          "bundled": true
        },
        "url-parse": {
          "version": "1.4.7",
          "bundled": true,
          "requires": {
            "querystringify": "^2.1.1",
            "requires-port": "^1.0.0"
          }
        },
        "whatwg-fetch": {
          "version": "3.0.0",
          "bundled": true
        },
        "xtend": {
          "version": "4.0.2",
          "bundled": true
        }
      }
    }
  }
}
