{
  "name": "@mongosh/service-provider-core",
  "version": "0.0.0-dev.0",
  "lockfileVersion": 1,
  "requires": true,
  "dependencies": {
    "@types/bl": {
      "version": "2.1.0",
      "resolved": "https://registry.npmjs.org/@types/bl/-/bl-2.1.0.tgz",
      "integrity": "sha512-1TdA9IXOy4sdqn8vgieQ6GZAiHiPNrOiO1s2GJjuYPw4QVY7gYoVjkW049avj33Ez7IcIvu43hQsMsoUFbCn2g==",
      "dev": true,
      "requires": {
        "@types/node": "*"
      }
    },
    "@types/node": {
      "version": "14.14.10",
      "resolved": "https://registry.npmjs.org/@types/node/-/node-14.14.10.tgz",
      "integrity": "sha512-J32dgx2hw8vXrSbu4ZlVhn1Nm3GbeCFNw2FWL8S5QKucHGY0cyNwjdQdO+KMBZ4wpmC7KhLCiNsdk1RFRIYUQQ==",
      "dev": true
    },
    "@types/webidl-conversions": {
      "version": "6.1.0",
      "resolved": "https://registry.npmjs.org/@types/webidl-conversions/-/webidl-conversions-6.1.0.tgz",
      "integrity": "sha512-SI9Jyayf2Ia28QFm0Mb3rVcA7ZwU89sos+gQQ6oY4/eKAReHyYYWTZD8Oqsq+CIRfZ+rEskvBaTZzHJ9njGZZQ==",
      "dev": true
    },
    "@types/whatwg-url": {
      "version": "8.0.0",
      "resolved": "https://registry.npmjs.org/@types/whatwg-url/-/whatwg-url-8.0.0.tgz",
      "integrity": "sha512-vEjjqMjljhnkrNPD7wQBu20iStszRJggZ1E3qMRf0f4YkDOdRTu/wQkOQTG8gdJJs3SNLtiQTL1E6zknxsoWOg==",
      "dev": true,
      "requires": {
        "@types/node": "*",
        "@types/webidl-conversions": "*"
      }
    },
    "base64-js": {
      "version": "1.5.1",
      "resolved": "https://registry.npmjs.org/base64-js/-/base64-js-1.5.1.tgz",
      "integrity": "sha512-AKpaYlHn8t4SVbOHCy+b5+KKgvR4vrsD8vbvrbiQJps7fKDTkjkDry6ji0rUJjC0kzbNePLwzxq8iypo41qeWA=="
    },
    "bson": {
      "version": "4.2.2",
      "resolved": "https://registry.npmjs.org/bson/-/bson-4.2.2.tgz",
      "integrity": "sha512-9fX257PVHAUpiRGmY3356RVWKQxLA73BgjA/x5MGuJkTEMeG7yzjuBrsiFB67EXRJnFVKrbJY9t/M+oElKYktQ==",
      "requires": {
        "buffer": "^5.6.0"
      }
    },
    "buffer": {
      "version": "5.7.1",
      "resolved": "https://registry.npmjs.org/buffer/-/buffer-5.7.1.tgz",
      "integrity": "sha512-EHcyIPBQ4BSGlvjB16k5KgAJ27CIsHY/2JBmCRReo48y9rQ3MaUzWX3KVlBa4U7MyX02HdVj0K7C3WaB3ju7FQ==",
      "requires": {
        "base64-js": "^1.3.1",
        "ieee754": "^1.1.13"
      }
    },
    "denque": {
      "version": "1.5.0",
      "resolved": "https://registry.npmjs.org/denque/-/denque-1.5.0.tgz",
      "integrity": "sha512-CYiCSgIF1p6EUByQPlGkKnP1M9g0ZV3qMIrqMqZqdwazygIA/YP2vrbcyl1h/WppKJTdl1F85cXIle+394iDAQ=="
    },
    "ieee754": {
      "version": "1.2.1",
      "resolved": "https://registry.npmjs.org/ieee754/-/ieee754-1.2.1.tgz",
      "integrity": "sha512-dcyqhDvX1C46lXZcVqCpK+FtMRQVdIMN6/Df5js2zouUsqG7I6sFxitIC+7KYK29KdXOLHdu9zL4sFnoVQnqaA=="
    },
    "lodash.sortby": {
      "version": "4.7.0",
      "resolved": "https://registry.npmjs.org/lodash.sortby/-/lodash.sortby-4.7.0.tgz",
      "integrity": "sha1-7dFMgk4sycHgsKG0K7UhBRakJDg="
    },
    "memory-pager": {
      "version": "1.5.0",
      "resolved": "https://registry.npmjs.org/memory-pager/-/memory-pager-1.5.0.tgz",
      "integrity": "sha512-ZS4Bp4r/Zoeq6+NLJpP+0Zzm0pR8whtGPf1XExKLJBAczGMnSi3It14OiNCStjQjM6NU1okjQGSxgEZN8eBYKg==",
      "optional": true
    },
    "mongodb": {
      "version": "4.0.0-beta.1",
      "resolved": "https://registry.npmjs.org/mongodb/-/mongodb-4.0.0-beta.1.tgz",
      "integrity": "sha512-NHnek7m1qOK36yVNiETLsEtOgrWsE6STFl4BxqSHg1dO5s70dJQJK/yPA1f4NtnkgCfTHiwgTKWN8hr9toQRsw==",
      "requires": {
        "bson": "^4.2.2",
        "denque": "^1.4.1",
        "saslprep": "^1.0.0"
      }
    },
    "mongodb-build-info": {
      "version": "1.1.1",
      "resolved": "https://registry.npmjs.org/mongodb-build-info/-/mongodb-build-info-1.1.1.tgz",
      "integrity": "sha512-HC4ZG98ObbWGM3ikL3VfSvuug3iQVpA2kBob/MxK+mn2PNdVTvR5lShio+Ev1rDqODfq3ePcfO6prfi0agQp8g=="
    },
    "punycode": {
      "version": "2.1.1",
      "resolved": "https://registry.npmjs.org/punycode/-/punycode-2.1.1.tgz",
      "integrity": "sha512-XRsRjdf+j5ml+y/6GKHPZbrF/8p2Yga0JPtdqTIY2Xe5ohJPD9saDJJLPvp9+NSBprVvevdXZybnj2cv8OEd0A=="
    },
    "saslprep": {
      "version": "1.0.3",
      "resolved": "https://registry.npmjs.org/saslprep/-/saslprep-1.0.3.tgz",
      "integrity": "sha512-/MY/PEMbk2SuY5sScONwhUDsV2p77Znkb/q3nSVstq/yQzYJOH/Azh29p9oJLsl3LnQwSvZDKagDGBsBwSooag==",
      "optional": true,
      "requires": {
        "sparse-bitfield": "^3.0.3"
      }
    },
    "sparse-bitfield": {
      "version": "3.0.3",
      "resolved": "https://registry.npmjs.org/sparse-bitfield/-/sparse-bitfield-3.0.3.tgz",
      "integrity": "sha1-/0rm5oZWBWuks+eSqzM004JzyhE=",
      "optional": true,
      "requires": {
        "memory-pager": "^1.0.2"
      }
    },
    "tr46": {
      "version": "2.0.2",
      "resolved": "https://registry.npmjs.org/tr46/-/tr46-2.0.2.tgz",
      "integrity": "sha512-3n1qG+/5kg+jrbTzwAykB5yRYtQCTqOGKq5U5PE3b0a1/mzo6snDhjGS0zJVJunO0NrT3Dg1MLy5TjWP/UJppg==",
      "requires": {
        "punycode": "^2.1.1"
      }
    },
    "webidl-conversions": {
      "version": "6.1.0",
      "resolved": "https://registry.npmjs.org/webidl-conversions/-/webidl-conversions-6.1.0.tgz",
      "integrity": "sha512-qBIvFLGiBpLjfwmYAaHPXsn+ho5xZnGvyGvsarywGNc8VyQJUMHJ8OBKGGrPER0okBeMDaan4mNBlgBROxuI8w=="
    },
    "whatwg-url": {
      "version": "8.4.0",
      "resolved": "https://registry.npmjs.org/whatwg-url/-/whatwg-url-8.4.0.tgz",
      "integrity": "sha512-vwTUFf6V4zhcPkWp/4CQPr1TW9Ml6SF4lVyaIMBdJw5i6qUUJ1QWM4Z6YYVkfka0OUIzVo/0aNtGVGk256IKWw==",
      "requires": {
        "lodash.sortby": "^4.7.0",
        "tr46": "^2.0.2",
        "webidl-conversions": "^6.1.0"
      }
    }
  }
}
