{
  "name": "@mongosh/service-provider-core",
  "version": "0.0.7",
  "lockfileVersion": 1,
  "requires": true,
  "dependencies": {
    "mongodb-build-info": {
      "version": "1.1.0",
      "resolved": "https://registry.npmjs.org/mongodb-build-info/-/mongodb-build-info-1.1.0.tgz",
      "integrity": "sha512-ZlbQlpXv8DCvYK2I6UmyRO4z9zb4fyoph+RhEN/MSSsigaqcfl6dePkbgavemquvuKVEq0BbIiVkHw1DKwChxA=="
    }
  }
}
