{
	"name": "@mongosh/logging",
	"version": "0.0.0-dev.0",
	"lockfileVersion": 1,
	"requires": true,
	"dependencies": {
		"@mongodb-js/devtools-connect": {
			"version": "1.1.0",
			"resolved": "https://registry.npmjs.org/@mongodb-js/devtools-connect/-/devtools-connect-1.1.0.tgz",
			"integrity": "sha512-Br4XOeuVVKGJeWAdIQXAUy+nACXfLGNjrc+0Fly5aD7AFtHV+VMcUt/adW1gEEmgdscfkrbf3hp1BKtup6wddg==",
			"requires": {
				"os-dns-native": "^1.1.0",
				"resolve-mongodb-srv": "^1.1.1"
			}
		},
		"base64-js": {
			"version": "1.5.1",
			"resolved": "https://registry.npmjs.org/base64-js/-/base64-js-1.5.1.tgz",
			"integrity": "sha512-AKpaYlHn8t4SVbOHCy+b5+KKgvR4vrsD8vbvrbiQJps7fKDTkjkDry6ji0rUJjC0kzbNePLwzxq8iypo41qeWA=="
		},
		"bindings": {
			"version": "1.5.0",
			"resolved": "https://registry.npmjs.org/bindings/-/bindings-1.5.0.tgz",
			"integrity": "sha512-p2q/t/mhvuOj/UeLlV6566GD/guowlr0hHxClI0W9m7MWYkL1F0hLo+0Aexs9HSPCtR1SXQ0TD3MMKrXZajbiQ==",
			"optional": true,
			"requires": {
				"file-uri-to-path": "1.0.0"
			}
		},
		"bson": {
			"version": "4.6.0",
			"resolved": "https://registry.npmjs.org/bson/-/bson-4.6.0.tgz",
			"integrity": "sha512-8jw1NU1hglS+Da1jDOUYuNcBJ4cNHCFIqzlwoFNnsTOg2R/ox0aTYcTiBN4dzRa9q7Cvy6XErh3L8ReTEb9AQQ==",
			"requires": {
				"buffer": "^5.6.0"
			}
		},
		"buffer": {
			"version": "5.7.1",
			"resolved": "https://registry.npmjs.org/buffer/-/buffer-5.7.1.tgz",
			"integrity": "sha512-EHcyIPBQ4BSGlvjB16k5KgAJ27CIsHY/2JBmCRReo48y9rQ3MaUzWX3KVlBa4U7MyX02HdVj0K7C3WaB3ju7FQ==",
			"requires": {
				"base64-js": "^1.3.1",
				"ieee754": "^1.1.13"
			}
		},
		"file-uri-to-path": {
			"version": "1.0.0",
			"resolved": "https://registry.npmjs.org/file-uri-to-path/-/file-uri-to-path-1.0.0.tgz",
			"integrity": "sha512-0Zt+s3L7Vf1biwWZ29aARiVYLx7iMGnEUl9x33fbB/j3jR81u/O2LbqK+Bm1CDSNDKVtJ/YjwY7TUd5SkeLQLw==",
			"optional": true
		},
		"ieee754": {
			"version": "1.2.1",
			"resolved": "https://registry.npmjs.org/ieee754/-/ieee754-1.2.1.tgz",
			"integrity": "sha512-dcyqhDvX1C46lXZcVqCpK+FtMRQVdIMN6/Df5js2zouUsqG7I6sFxitIC+7KYK29KdXOLHdu9zL4sFnoVQnqaA=="
		},
		"ipv6-normalize": {
			"version": "1.0.1",
			"resolved": "https://registry.npmjs.org/ipv6-normalize/-/ipv6-normalize-1.0.1.tgz",
			"integrity": "sha1-GzJYKQ02X6gyOeiZB93kWS52IKg=",
			"optional": true
		},
		"lodash": {
			"version": "4.17.21",
			"resolved": "https://registry.npmjs.org/lodash/-/lodash-4.17.21.tgz",
			"integrity": "sha512-v2kDEe57lecTulaDIuNTPy3Ry4gLGJ6Z1O3vE1krgXZNrsQ+LFTGHVxVjcXPs17LhbZVGedAJv8XZ1tvj5FvSg=="
		},
		"mongodb-log-writer": {
			"version": "1.1.3",
			"resolved": "https://registry.npmjs.org/mongodb-log-writer/-/mongodb-log-writer-1.1.3.tgz",
			"integrity": "sha512-PRNUD9spaTqOg19EYGaVNEnyyPsp7qCPI0Py2iUZDtL+uWA7IokA0Eb6M1yOpZn0MNVNQAjLg7+iVeZ82Ise4A==",
			"requires": {
				"bson": "^4.5.1"
			}
		},
		"mongodb-redact": {
			"version": "0.2.2",
			"resolved": "https://registry.npmjs.org/mongodb-redact/-/mongodb-redact-0.2.2.tgz",
			"integrity": "sha512-tmgDpSBymFtKggsLzpa0vDYaqh2wEXOswBZtJkXvbPKP0ThfPwoFYXtOukactU6WZsC4RYmpSPM4P6582FR/Xw==",
			"requires": {
				"lodash": "^4.17.15"
			}
		},
		"node-addon-api": {
			"version": "3.2.1",
			"resolved": "https://registry.npmjs.org/node-addon-api/-/node-addon-api-3.2.1.tgz",
			"integrity": "sha512-mmcei9JghVNDYydghQmeDX8KoAm0FAiYyIcUt/N4nhyAipB17pllZQDOJD2fotxABnt4Mdz+dKTO7eftLg4d0A==",
			"optional": true
		},
		"os-dns-native": {
			"version": "1.1.0",
			"resolved": "https://registry.npmjs.org/os-dns-native/-/os-dns-native-1.1.0.tgz",
			"integrity": "sha512-VAbtJkVjUJ0yiD0Vko7Tejceqn4ruE8AFG0Pm9VGswwdOCYD+fRpSgCgZ6o2BCOj05+LmEbWpS5WIi032Z/P7g==",
			"optional": true,
			"requires": {
				"bindings": "^1.5.0",
				"ipv6-normalize": "^1.0.1",
				"node-addon-api": "^3.1.0"
			}
		},
		"punycode": {
			"version": "2.1.1",
			"resolved": "https://registry.npmjs.org/punycode/-/punycode-2.1.1.tgz",
			"integrity": "sha512-XRsRjdf+j5ml+y/6GKHPZbrF/8p2Yga0JPtdqTIY2Xe5ohJPD9saDJJLPvp9+NSBprVvevdXZybnj2cv8OEd0A==",
			"optional": true
		},
		"resolve-mongodb-srv": {
			"version": "1.1.1",
			"resolved": "https://registry.npmjs.org/resolve-mongodb-srv/-/resolve-mongodb-srv-1.1.1.tgz",
			"integrity": "sha512-dKOOF9Fz+CGcwjMSggO8B/Vjdrv+cEBfd6erU6bfeJnacvc6wpxIc0S+V83g/yoPYCo6ztRYv/1z5gN7erlM6w==",
			"optional": true,
			"requires": {
				"whatwg-url": "^8.5.0"
			}
		},
		"tr46": {
			"version": "2.1.0",
			"resolved": "https://registry.npmjs.org/tr46/-/tr46-2.1.0.tgz",
			"integrity": "sha512-15Ih7phfcdP5YxqiB+iDtLoaTz4Nd35+IiAv0kQ5FNKHzXgdWqPoTIqEDDJmXceQt4JZk6lVPT8lnDlPpGDppw==",
			"optional": true,
			"requires": {
				"punycode": "^2.1.1"
			}
		},
		"webidl-conversions": {
			"version": "6.1.0",
			"resolved": "https://registry.npmjs.org/webidl-conversions/-/webidl-conversions-6.1.0.tgz",
			"integrity": "sha512-qBIvFLGiBpLjfwmYAaHPXsn+ho5xZnGvyGvsarywGNc8VyQJUMHJ8OBKGGrPER0okBeMDaan4mNBlgBROxuI8w==",
			"optional": true
		},
		"whatwg-url": {
			"version": "8.7.0",
			"resolved": "https://registry.npmjs.org/whatwg-url/-/whatwg-url-8.7.0.tgz",
			"integrity": "sha512-gAojqb/m9Q8a5IV96E3fHJM70AzCkgt4uXYX2O7EmuyOnLrViCQlsEBmF9UQIu3/aeAIp2U17rtbpZWNntQqdg==",
			"optional": true,
			"requires": {
				"lodash": "^4.7.0",
				"tr46": "^2.1.0",
				"webidl-conversions": "^6.1.0"
			}
		}
	}
}
