{
  "name": "mongosh-mapper",
  "version": "0.0.0",
  "lockfileVersion": 1,
  "requires": true,
  "dependencies": {
    "mongosh-shell-api": {
      "version": "file:../shell-api",
      "requires": {
        "antlr4": "^4.7.1"
      },
      "dependencies": {
        "antlr4": {
          "version": "4.7.2",
          "resolved": "https://registry.npmjs.org/antlr4/-/antlr4-4.7.2.tgz",
          "integrity": "sha512-vZA1xYufXLe3LX+ja9rIVxjRmILb1x3k7KYZHltRbfJtXjJ1DlFIqt+CbPYmghx0EuzY9DajiDw+MdyEt1qAsQ=="
        }
      }
    }
  }
}
