{
	"name": "@mongosh/cli-repl",
	"version": "0.0.1-alpha.16",
	"lockfileVersion": 1,
	"requires": true,
	"dependencies": {
		"@segment/loosely-validate-event": {
			"version": "2.0.0",
			"resolved": "https://registry.npmjs.org/@segment/loosely-validate-event/-/loosely-validate-event-2.0.0.tgz",
			"integrity": "sha512-ZMCSfztDBqwotkl848ODgVcAmN4OItEWDCkshcKz0/W6gGSQayuuCtWV/MlodFivAZD793d6UgANd6wCXUfrIw==",
			"requires": {
				"component-type": "^1.2.1",
				"join-component": "^1.1.0"
			}
		},
		"@types/color-name": {
			"version": "1.1.1",
			"resolved": "https://registry.npmjs.org/@types/color-name/-/color-name-1.1.1.tgz",
			"integrity": "sha512-rr+OQyAjxze7GgWrSaJwydHStIhHq2lvY3BOC2Mj7KnzI7XK0Uw1TOOdI9lDoajEbSWLiYgoo4f1R51erQfhPQ=="
		},
		"acorn": {
			"version": "7.1.1",
			"resolved": "https://registry.npmjs.org/acorn/-/acorn-7.1.1.tgz",
			"integrity": "sha512-add7dgA5ppRPxCFJoAGfMDi7PIBXq1RtGo7BhbLaxwrXPOmw8gq48Y9ozT01hUKy9byMjlR20EJhu5zlkErEkg=="
		},
		"acorn-class-fields": {
			"version": "0.3.2",
			"resolved": "https://registry.npmjs.org/acorn-class-fields/-/acorn-class-fields-0.3.2.tgz",
			"integrity": "sha512-wyqXoqzXSOF42uxHo40TMuC/KfloI66AZz6S1TeK8D2HjKzI7Boq1mSH2pB5RwKEJWgHqnewGpRFRZwR0qQCyQ==",
			"requires": {
				"acorn-private-class-elements": "^0.2.5"
			}
		},
		"acorn-numeric-separator": {
			"version": "0.3.0",
			"resolved": "https://registry.npmjs.org/acorn-numeric-separator/-/acorn-numeric-separator-0.3.0.tgz",
			"integrity": "sha512-g9FikQZHwG/P1Xs+dDzecqagmGBbU4b8OF4UbDQK8Wr8apwuFGG1c7KiaFxC4ClYU8D7zNl60vzqOCUuhKM3kA=="
		},
		"acorn-private-class-elements": {
			"version": "0.2.5",
			"resolved": "https://registry.npmjs.org/acorn-private-class-elements/-/acorn-private-class-elements-0.2.5.tgz",
			"integrity": "sha512-3eApRrJmPjaxWB3XidP8YMeVq9pcswPFE0KsSWVuhceCU68ZS8fkcf0fTXGhCmnNd7n48NWWV27EKMFPeCoJLg=="
		},
		"acorn-private-methods": {
			"version": "0.3.1",
			"resolved": "https://registry.npmjs.org/acorn-private-methods/-/acorn-private-methods-0.3.1.tgz",
			"integrity": "sha512-IV5XZInFQaQK5ucjJy/HAk2UYvt+Buax00evzwo8NSuo8zhOBhW5v6VOjAljYUhAzQ/Hosi+Kaz6xJmvPiSM4Q==",
			"requires": {
				"acorn-private-class-elements": "^0.2.4"
			}
		},
		"acorn-static-class-features": {
			"version": "0.2.1",
			"resolved": "https://registry.npmjs.org/acorn-static-class-features/-/acorn-static-class-features-0.2.1.tgz",
			"integrity": "sha512-eLIAEBFwu1bcZD+39u5PAcAargtkI5tY1uDRQV6SB3zY4JIO0vqvSdtZ8hz1GGZIVY/d3RDxkM9BLTPTNNVwGw==",
			"requires": {
				"acorn-private-class-elements": "^0.2.3"
			}
		},
		"analytics-node": {
			"version": "3.4.0-beta.1",
			"resolved": "https://registry.npmjs.org/analytics-node/-/analytics-node-3.4.0-beta.1.tgz",
			"integrity": "sha512-+0F/y4Asc5S2qhWcYss+iCob6TTXQktwbqlIk02gcZaRxpekCbnTbJu/rcaRooVHxqp9WSzUXiWCesJYPJETZQ==",
			"requires": {
				"@segment/loosely-validate-event": "^2.0.0",
				"axios": "^0.18.1",
				"axios-retry": "^3.0.2",
				"lodash.isstring": "^4.0.1",
				"md5": "^2.2.1",
				"ms": "^2.0.0",
				"remove-trailing-slash": "^0.1.0",
				"uuid": "^3.2.1"
			},
			"dependencies": {
				"uuid": {
					"version": "3.4.0",
					"resolved": "https://registry.npmjs.org/uuid/-/uuid-3.4.0.tgz",
					"integrity": "sha512-HjSDRw6gZE5JMggctHBcjVak08+KEVhSIiDzFnT9S9aegmp85S/bReBVTb4QTFaRNptJ9kuYaNhnbNEOkbKb/A=="
				}
			}
		},
		"ansi": {
			"version": "0.3.1",
			"resolved": "https://registry.npmjs.org/ansi/-/ansi-0.3.1.tgz",
			"integrity": "sha1-DELU+xcWDVqa8eSEus4cZpIsGyE="
		},
		"ansi-escape-sequences": {
			"version": "5.1.2",
			"resolved": "https://registry.npmjs.org/ansi-escape-sequences/-/ansi-escape-sequences-5.1.2.tgz",
			"integrity": "sha512-JcpoVp1W1bl1Qn4cVuiXEhD6+dyXKSOgCn2zlzE8inYgCJCBy1aPnUhlz6I4DFum8D4ovb9Qi/iAjUcGvG2lqw==",
			"requires": {
				"array-back": "^4.0.0"
			}
		},
		"ansi-styles": {
			"version": "4.2.1",
			"resolved": "https://registry.npmjs.org/ansi-styles/-/ansi-styles-4.2.1.tgz",
			"integrity": "sha512-9VGjrMsG1vePxcSweQsN20KY/c4zN0h9fLjqAbwbPfahM3t+NL+M9HC8xeXG2I8pX5NoamTGNuomEUFI7fcUjA==",
			"requires": {
				"@types/color-name": "^1.1.1",
				"color-convert": "^2.0.1"
			}
		},
		"array-back": {
			"version": "4.0.1",
			"resolved": "https://registry.npmjs.org/array-back/-/array-back-4.0.1.tgz",
			"integrity": "sha512-Z/JnaVEXv+A9xabHzN43FiiiWEE7gPCRXMrVmRm00tWbjZRul1iHm7ECzlyNq1p4a4ATXz+G9FJ3GqGOkOV3fg=="
		},
		"atomic-sleep": {
			"version": "1.0.0",
			"resolved": "https://registry.npmjs.org/atomic-sleep/-/atomic-sleep-1.0.0.tgz",
			"integrity": "sha512-kNOjDqAh7px0XWNI+4QbzoiR/nTkHAWNud2uvnJquD1/x5a7EQZMJT0AczqK0Qn67oY/TTQ1LbUKajZpp3I9tQ=="
		},
		"axios": {
			"version": "0.18.1",
			"resolved": "https://registry.npmjs.org/axios/-/axios-0.18.1.tgz",
			"integrity": "sha512-0BfJq4NSfQXd+SkFdrvFbG7addhYSBA2mQwISr46pD6E5iqkWg02RAs8vyTT/j0RTnoYmeXauBuSv1qKwR179g==",
			"requires": {
				"follow-redirects": "1.5.10",
				"is-buffer": "^2.0.2"
			}
		},
		"axios-retry": {
			"version": "3.1.5",
			"resolved": "https://registry.npmjs.org/axios-retry/-/axios-retry-3.1.5.tgz",
			"integrity": "sha512-8OImX5nk7RAAexnSAI3mI1DyHi+ukpQnZhhjcq5odTBPD0/BjHS4pdcst4fNAREThck5psQtMzDvKbRwCZX5Qg==",
			"requires": {
				"is-retry-allowed": "^1.1.0"
			}
		},
		"base64-js": {
			"version": "1.3.1",
			"resolved": "https://registry.npmjs.org/base64-js/-/base64-js-1.3.1.tgz",
			"integrity": "sha512-mLQ4i2QO1ytvGWFWmcngKO//JXAQueZvwEKtjgQFM4jIK0kU+ytMfplL8j+n5mspOfjHwoAg+9yhb7BwAHm36g=="
		},
		"bson": {
			"version": "4.0.4",
			"resolved": "https://registry.npmjs.org/bson/-/bson-4.0.4.tgz",
			"integrity": "sha512-Ioi3TD0/1V3aI8+hPfC56TetYmzfq2H07jJa9A1lKTxWsFtHtYdLMGMXjtGEg9v0f72NSM07diRQEUNYhLupIA==",
			"requires": {
				"buffer": "^5.1.0",
				"long": "^4.0.0"
			}
		},
		"buffer": {
			"version": "5.6.0",
			"resolved": "https://registry.npmjs.org/buffer/-/buffer-5.6.0.tgz",
			"integrity": "sha512-/gDYp/UtU0eA1ys8bOs9J6a+E/KWIY+DZ+Q2WESNUA0jFRsJOc0SNUO6xJ5SGA1xueg3NL65W6s+NY5l9cunuw==",
			"requires": {
				"base64-js": "^1.0.2",
				"ieee754": "^1.1.4"
			}
		},
		"chalk": {
			"version": "4.0.0",
			"resolved": "https://registry.npmjs.org/chalk/-/chalk-4.0.0.tgz",
			"integrity": "sha512-N9oWFcegS0sFr9oh1oz2d7Npos6vNoWW9HvtCg5N1KRFpUhaAhvTv5Y58g880fZaEYSNm3qDz8SU1UrGvp+n7A==",
			"requires": {
				"ansi-styles": "^4.1.0",
				"supports-color": "^7.1.0"
			}
		},
		"charenc": {
			"version": "0.0.2",
			"resolved": "https://registry.npmjs.org/charenc/-/charenc-0.0.2.tgz",
			"integrity": "sha1-wKHS86cJLgN3S/qD8UwPxXkKhmc="
		},
		"color-convert": {
			"version": "2.0.1",
			"resolved": "https://registry.npmjs.org/color-convert/-/color-convert-2.0.1.tgz",
			"integrity": "sha512-RRECPsj7iu/xb5oKYcsFHSppFNnsj/52OVTRKb4zP5onXwVF3zVmmToNcOfGC+CRDpfK/U584fMg38ZHCaElKQ==",
			"requires": {
				"color-name": "~1.1.4"
			}
		},
		"color-name": {
			"version": "1.1.4",
			"resolved": "https://registry.npmjs.org/color-name/-/color-name-1.1.4.tgz",
			"integrity": "sha512-dOy+3AuW3a2wNbZHIuMZpTcgjGuLU/uBL/ubcZF9OXbDo8ff4O8yVp5Bf0efS8uEoYo5q4Fx7dY9OgQGXgAsQA=="
		},
		"component-type": {
			"version": "1.2.1",
			"resolved": "https://registry.npmjs.org/component-type/-/component-type-1.2.1.tgz",
			"integrity": "sha1-ikeQFwAjjk/DIml3EjAibyS0Fak="
		},
		"crypt": {
			"version": "0.0.2",
			"resolved": "https://registry.npmjs.org/crypt/-/crypt-0.0.2.tgz",
			"integrity": "sha1-iNf/fsDfuG9xPch7u0LQRNPmxBs="
		},
		"debug": {
			"version": "3.1.0",
			"resolved": "https://registry.npmjs.org/debug/-/debug-3.1.0.tgz",
			"integrity": "sha512-OX8XqP7/1a9cqkxYw2yXss15f26NKWBpDXQd0/uK/KPqdQhxbPa994hnzjcE2VqQpDslf55723cKPUOGSmMY3g==",
			"requires": {
				"ms": "2.0.0"
			},
			"dependencies": {
				"ms": {
					"version": "2.0.0",
					"resolved": "https://registry.npmjs.org/ms/-/ms-2.0.0.tgz",
					"integrity": "sha1-VgiurfwAvmwpAd9fmGF4jeDVl8g="
				}
			}
		},
		"emphasize": {
			"version": "3.0.0",
			"resolved": "https://registry.npmjs.org/emphasize/-/emphasize-3.0.0.tgz",
			"integrity": "sha512-xhtAWvxdkxsQbcCLGVjlfB7cQ4bWSPYXeaGDwK5Bl7n2y/9R+MVK5UNBTmZ9N8m/YShsiyGgQBgFGcjOWCWXHQ==",
			"requires": {
				"chalk": "^3.0.0",
				"highlight.js": "~9.12.0",
				"lowlight": "~1.9.0"
			},
			"dependencies": {
				"chalk": {
					"version": "3.0.0",
					"resolved": "https://registry.npmjs.org/chalk/-/chalk-3.0.0.tgz",
					"integrity": "sha512-4D3B6Wf41KOYRFdszmDqMCGq5VV/uMAB273JILmO+3jAlh8X4qDtdtgCR3fxtbLEMzSx22QdhnDcJvu2u1fVwg==",
					"requires": {
						"ansi-styles": "^4.1.0",
						"supports-color": "^7.1.0"
					}
				}
			}
		},
		"fast-redact": {
			"version": "2.0.0",
			"resolved": "https://registry.npmjs.org/fast-redact/-/fast-redact-2.0.0.tgz",
			"integrity": "sha512-zxpkULI9W9MNTK2sJ3BpPQrTEXFNESd2X6O1tXMFpK/XM0G5c5Rll2EVYZH2TqI3xRGK/VaJ+eEOt7pnENJpeA=="
		},
		"fast-safe-stringify": {
			"version": "2.0.7",
			"resolved": "https://registry.npmjs.org/fast-safe-stringify/-/fast-safe-stringify-2.0.7.tgz",
			"integrity": "sha512-Utm6CdzT+6xsDk2m8S6uL8VHxNwI6Jub+e9NYTcAms28T84pTa25GJQV9j0CY0N1rM8hK4x6grpF2BQf+2qwVA=="
		},
		"fault": {
			"version": "1.0.4",
			"resolved": "https://registry.npmjs.org/fault/-/fault-1.0.4.tgz",
			"integrity": "sha512-CJ0HCB5tL5fYTEA7ToAq5+kTwd++Borf1/bifxd9iT70QcXr4MRrO3Llf8Ifs70q+SJcGHFtnIE/Nw6giCtECA==",
			"requires": {
				"format": "^0.2.0"
			}
		},
		"flatstr": {
			"version": "1.0.12",
			"resolved": "https://registry.npmjs.org/flatstr/-/flatstr-1.0.12.tgz",
			"integrity": "sha512-4zPxDyhCyiN2wIAtSLI6gc82/EjqZc1onI4Mz/l0pWrAlsSfYH/2ZIcU+e3oA2wDwbzIWNKwa23F8rh6+DRWkw=="
		},
		"follow-redirects": {
			"version": "1.5.10",
			"resolved": "https://registry.npmjs.org/follow-redirects/-/follow-redirects-1.5.10.tgz",
			"integrity": "sha512-0V5l4Cizzvqt5D44aTXbFZz+FtyXV1vrDN6qrelxtfYQKW0KO0W2T/hkE8xvGa/540LkZlkaUjO4ailYTFtHVQ==",
			"requires": {
				"debug": "=3.1.0"
			}
		},
		"format": {
			"version": "0.2.2",
			"resolved": "https://registry.npmjs.org/format/-/format-0.2.2.tgz",
			"integrity": "sha1-1hcBB+nv3E7TDJ3DkBbflCtctYs="
		},
		"has-flag": {
			"version": "4.0.0",
			"resolved": "https://registry.npmjs.org/has-flag/-/has-flag-4.0.0.tgz",
			"integrity": "sha512-EykJT/Q1KjTWctppgIAgfSO0tKVuZUjhgMr17kqTumMl6Afv3EISleU7qZUzoXDFTAHTDC4NOoG/ZxU3EvlMPQ=="
		},
		"highlight.js": {
			"version": "9.12.0",
			"resolved": "https://registry.npmjs.org/highlight.js/-/highlight.js-9.12.0.tgz",
			"integrity": "sha1-5tnb5Xy+/mB1HwKvM2GVhwyQwB4="
		},
		"ieee754": {
			"version": "1.1.13",
			"resolved": "https://registry.npmjs.org/ieee754/-/ieee754-1.1.13.tgz",
			"integrity": "sha512-4vf7I2LYV/HaWerSo3XmlMkp5eZ83i+/CDluXi/IGTs/O1sejBNhTtnxzmRZfvOUqj7lZjqHkeTvpgSFDlWZTg=="
		},
		"is-buffer": {
			"version": "2.0.4",
			"resolved": "https://registry.npmjs.org/is-buffer/-/is-buffer-2.0.4.tgz",
			"integrity": "sha512-Kq1rokWXOPXWuaMAqZiJW4XxsmD9zGx9q4aePabbn3qCRGedtH7Cm+zV8WETitMfu1wdh+Rvd6w5egwSngUX2A=="
		},
		"is-recoverable-error": {
			"version": "1.0.0",
			"resolved": "https://registry.npmjs.org/is-recoverable-error/-/is-recoverable-error-1.0.0.tgz",
			"integrity": "sha512-YqI2a9aPRMC2/RucLbVFTNX4Mpf7Ur4x5+lZM/vLyYiIuJJaUfScZKCyL7GddKJ3KVjvyAtjgG7SX0/wsy95Xw==",
			"requires": {
				"acorn": "^7.1.1",
				"acorn-class-fields": "^0.3.2",
				"acorn-numeric-separator": "^0.3.1",
				"acorn-private-methods": "^0.3.1",
				"acorn-static-class-features": "^0.2.1"
			},
			"dependencies": {
				"acorn-numeric-separator": {
					"version": "0.3.1",
					"resolved": "https://registry.npmjs.org/acorn-numeric-separator/-/acorn-numeric-separator-0.3.1.tgz",
					"integrity": "sha512-Rv2gFCK8IXvbXtNjPJz7/KCH7qb7PCBwuwp8H3JBWUehLRd3e3lLZAdOXLIm8MGsmvzHKJvskwRaXndtEQFvRA=="
				}
			}
		},
		"is-retry-allowed": {
			"version": "1.2.0",
			"resolved": "https://registry.npmjs.org/is-retry-allowed/-/is-retry-allowed-1.2.0.tgz",
			"integrity": "sha512-RUbUeKwvm3XG2VYamhJL1xFktgjvPzL0Hq8C+6yrWIswDy3BIXGqCxhxkc30N9jqK311gVU137K8Ei55/zVJRg=="
		},
		"join-component": {
			"version": "1.1.0",
			"resolved": "https://registry.npmjs.org/join-component/-/join-component-1.1.0.tgz",
			"integrity": "sha1-uEF7dQZho5K+4sJTfGiyqdSXfNU="
		},
		"lodash": {
			"version": "4.17.15",
			"resolved": "https://registry.npmjs.org/lodash/-/lodash-4.17.15.tgz",
			"integrity": "sha512-8xOcRHvCjnocdS5cpwXQXVzmmh5e5+saE2QGoeQmbKmRS6J3VQppPOIt0MnmE+4xlZoumy0GPG0D0MVIQbNA1A=="
		},
		"lodash.isstring": {
			"version": "4.0.1",
			"resolved": "https://registry.npmjs.org/lodash.isstring/-/lodash.isstring-4.0.1.tgz",
			"integrity": "sha1-1SfftUVuynzJu5XV2ur4i6VKVFE="
		},
		"lodash.set": {
			"version": "4.3.2",
			"resolved": "https://registry.npmjs.org/lodash.set/-/lodash.set-4.3.2.tgz",
			"integrity": "sha1-2HV7HagH3eJIFrDWqEvqGnYjCyM="
		},
		"long": {
			"version": "4.0.0",
			"resolved": "https://registry.npmjs.org/long/-/long-4.0.0.tgz",
			"integrity": "sha512-XsP+KhQif4bjX1kbuSiySJFNAehNxgLb6hPRGJ9QsUr8ajHkuXGdrHmFUTUUXhDwVX2R5bY4JNZEwbUiMhV+MA=="
		},
		"lowlight": {
			"version": "1.9.2",
			"resolved": "https://registry.npmjs.org/lowlight/-/lowlight-1.9.2.tgz",
			"integrity": "sha512-Ek18ElVCf/wF/jEm1b92gTnigh94CtBNWiZ2ad+vTgW7cTmQxUY3I98BjHK68gZAJEWmybGBZgx9qv3QxLQB/Q==",
			"requires": {
				"fault": "^1.0.2",
				"highlight.js": "~9.12.0"
			}
		},
		"md5": {
			"version": "2.2.1",
			"resolved": "https://registry.npmjs.org/md5/-/md5-2.2.1.tgz",
			"integrity": "sha1-U6s41f48iJG6RlMp6iP6wFQBJvk=",
			"requires": {
				"charenc": "~0.0.1",
				"crypt": "~0.0.1",
				"is-buffer": "~1.1.1"
			},
			"dependencies": {
				"is-buffer": {
					"version": "1.1.6",
					"resolved": "https://registry.npmjs.org/is-buffer/-/is-buffer-1.1.6.tgz",
					"integrity": "sha512-NcdALwpXkTm5Zvvbk7owOUSvVvBKDgKP5/ewfXEznmQFfs4ZRmanOeKBTjRVjka3QFoN6XJ+9F3USqfHqTaU5w=="
				}
			}
		},
		"minimist": {
			"version": "1.2.5",
			"resolved": "https://registry.npmjs.org/minimist/-/minimist-1.2.5.tgz",
			"integrity": "sha512-FM9nNUYrRBAELZQT3xeZQ7fmMOBg6nWNmJKTcgsJeaLstP/UODVpGsr5OhXhhXg6f+qtJ8uiZ+PUxkDWcgIXLw=="
		},
		"mkdirp": {
			"version": "1.0.4",
			"resolved": "https://registry.npmjs.org/mkdirp/-/mkdirp-1.0.4.tgz",
			"integrity": "sha512-vVqVZQyf3WLx2Shd0qJ9xuvqgAyKPLAiqITEtqW0oIUjzo3PePDd6fW9iFz30ef7Ysp/oiWqbhszeGWW2T6Gzw=="
		},
		"mongodb-ace-autocompleter": {
			"version": "0.4.8",
			"resolved": "https://registry.npmjs.org/mongodb-ace-autocompleter/-/mongodb-ace-autocompleter-0.4.8.tgz",
			"integrity": "sha512-OMDiHtrMt5z7RxQKZKl4kLJqUDbe0xTUSBQT0r+DNHKzsQoyk5RlUK6jsMWmFYn1ADFGGAejVJWbcnlG4WGH8w==",
			"requires": {
				"semver": "^7.1.1"
			}
		},
		"mongodb-build-info": {
			"version": "1.0.0",
			"resolved": "https://registry.npmjs.org/mongodb-build-info/-/mongodb-build-info-1.0.0.tgz",
			"integrity": "sha512-ZFcBteBQMoGyMV3+FmjPRRI4X2ZR8TNPGlylNuGU1yg/TTC7eXFcd2VhL7SslRM0/tGsx7pIjLEqwjd9CtWSlA=="
		},
		"mongodb-redact": {
			"version": "0.2.0",
			"resolved": "https://registry.npmjs.org/mongodb-redact/-/mongodb-redact-0.2.0.tgz",
			"integrity": "sha512-kGoR02HsTzNYHFXLklvbEg7mSJZu5+L1JdaYUuSlmVUAXxzhxUBvoFoYulfqqvokE+ilAXGYywdMJStB0lPhCw==",
			"requires": {
				"lodash": "^4.17.15"
			}
		},
		"ms": {
			"version": "2.1.2",
			"resolved": "https://registry.npmjs.org/ms/-/ms-2.1.2.tgz",
			"integrity": "sha512-sGkPx+VjMtmA6MX27oA4FBFELFCZZ4S4XqeGOXCv68tT+jb3vk/RyaKWP0PTKyWtmLSM0b+adUTEvbs1PEaH2w=="
		},
		"mute-stream": {
			"version": "0.0.8",
			"resolved": "https://registry.npmjs.org/mute-stream/-/mute-stream-0.0.8.tgz",
			"integrity": "sha512-nnbWWOkoWyUsTjKrhgD0dcz22mdkSnpYqbEjIm2nhwhuxlSkpywJmBo8h0ZqJdkp73mb90SssHkN4rsRaBAfAA=="
		},
		"nanoassert": {
			"version": "1.1.0",
			"resolved": "https://registry.npmjs.org/nanoassert/-/nanoassert-1.1.0.tgz",
			"integrity": "sha1-TzFS4JVA/eKMdvRLGbvNHVpCR40="
		},
		"nanobus": {
			"version": "4.4.0",
			"resolved": "https://registry.npmjs.org/nanobus/-/nanobus-4.4.0.tgz",
			"integrity": "sha512-Hv9USGyH8EsPy0o8pPWE7x3YRIfuZDgMBirzjU6XLebhiSK2g53JlfqgolD0c39ne6wXAfaBNcIAvYe22Bav+Q==",
			"requires": {
				"nanoassert": "^1.1.0",
				"nanotiming": "^7.2.0",
				"remove-array-items": "^1.0.0"
			}
		},
		"nanoscheduler": {
			"version": "1.0.3",
			"resolved": "https://registry.npmjs.org/nanoscheduler/-/nanoscheduler-1.0.3.tgz",
			"integrity": "sha512-jBbrF3qdU9321r8n9X7yu18DjP31Do2ItJm3mWrt90wJTrnDO+HXpoV7ftaUglAtjgj9s+OaCxGufbvx6pvbEQ==",
			"requires": {
				"nanoassert": "^1.1.0"
			}
		},
		"nanotiming": {
			"version": "7.3.1",
			"resolved": "https://registry.npmjs.org/nanotiming/-/nanotiming-7.3.1.tgz",
			"integrity": "sha512-l3lC7v/PfOuRWQa8vV29Jo6TG10wHtnthLElFXs4Te4Aas57Fo4n1Q8LH9n+NDh9riOzTVvb2QNBhTS4JUKNjw==",
			"requires": {
				"nanoassert": "^1.1.0",
				"nanoscheduler": "^1.0.2"
			}
		},
		"pino": {
			"version": "5.17.0",
			"resolved": "https://registry.npmjs.org/pino/-/pino-5.17.0.tgz",
			"integrity": "sha512-LqrqmRcJz8etUjyV0ddqB6OTUutCgQULPFg2b4dtijRHUsucaAdBgSUW58vY6RFSX+NT8963F+q0tM6lNwGShA==",
			"requires": {
				"fast-redact": "^2.0.0",
				"fast-safe-stringify": "^2.0.7",
				"flatstr": "^1.0.12",
				"pino-std-serializers": "^2.4.2",
				"quick-format-unescaped": "^3.0.3",
				"sonic-boom": "^0.7.5"
			}
		},
		"pino-std-serializers": {
			"version": "2.4.2",
			"resolved": "https://registry.npmjs.org/pino-std-serializers/-/pino-std-serializers-2.4.2.tgz",
			"integrity": "sha512-WaL504dO8eGs+vrK+j4BuQQq6GLKeCCcHaMB2ItygzVURcL1CycwNEUHTD/lHFHs/NL5qAz2UKrjYWXKSf4aMQ=="
		},
		"pretty-bytes": {
			"version": "5.3.0",
			"resolved": "https://registry.npmjs.org/pretty-bytes/-/pretty-bytes-5.3.0.tgz",
			"integrity": "sha512-hjGrh+P926p4R4WbaB6OckyRtO0F0/lQBiT+0gnxjV+5kjPBrfVBFCsCLbMqVQeydvIoouYTCmmEURiH3R1Bdg=="
		},
		"pretty-repl": {
			"version": "2.3.0",
			"resolved": "https://registry.npmjs.org/pretty-repl/-/pretty-repl-2.3.0.tgz",
			"integrity": "sha512-h7iNPLXpJPnbZZS0YIp1+EGD+oY9STelL70X8nwzrbglqP5nOUi0YxK+OJ8n6xopVHoLNQZrytYTmHrWcB1O/w==",
			"requires": {
				"ansi": "^0.3.1",
				"chalk": "^4.0.0",
				"emphasize": "^3.0.0",
				"semver": "^7.2.2"
			}
		},
		"quick-format-unescaped": {
			"version": "3.0.3",
			"resolved": "https://registry.npmjs.org/quick-format-unescaped/-/quick-format-unescaped-3.0.3.tgz",
			"integrity": "sha512-dy1yjycmn9blucmJLXOfZDx1ikZJUi6E8bBZLnhPG5gBrVhHXx2xVyqqgKBubVNEXmx51dBACMHpoMQK/N/AXQ=="
		},
		"read": {
			"version": "1.0.7",
			"resolved": "https://registry.npmjs.org/read/-/read-1.0.7.tgz",
			"integrity": "sha1-s9oZvQUkMal2cdRKQmNK33ELQMQ=",
			"requires": {
				"mute-stream": "~0.0.4"
			}
		},
		"remove-array-items": {
			"version": "1.1.1",
			"resolved": "https://registry.npmjs.org/remove-array-items/-/remove-array-items-1.1.1.tgz",
			"integrity": "sha512-MXW/jtHyl5F1PZI7NbpS8SOtympdLuF20aoWJT5lELR1p/HJDd5nqW8Eu9uLh/hCRY3FgvrIT5AwDCgBODklcA=="
		},
		"remove-trailing-slash": {
			"version": "0.1.0",
			"resolved": "https://registry.npmjs.org/remove-trailing-slash/-/remove-trailing-slash-0.1.0.tgz",
			"integrity": "sha1-FJjl3wmEwn5Jt26/Boh8otARUNI="
		},
		"semver": {
			"version": "7.3.2",
			"resolved": "https://registry.npmjs.org/semver/-/semver-7.3.2.tgz",
			"integrity": "sha512-OrOb32TeeambH6UrhtShmF7CRDqhL6/5XpPNp2DuRH6+9QLw/orhp72j87v8Qa1ScDkvrrBNpZcDejAirJmfXQ=="
		},
		"sonic-boom": {
			"version": "0.7.7",
			"resolved": "https://registry.npmjs.org/sonic-boom/-/sonic-boom-0.7.7.tgz",
			"integrity": "sha512-Ei5YOo5J64GKClHIL/5evJPgASXFVpfVYbJV9PILZQytTK6/LCwHvsZJW2Ig4p9FMC2OrBrMnXKgRN/OEoAWfg==",
			"requires": {
				"atomic-sleep": "^1.0.0",
				"flatstr": "^1.0.12"
			}
		},
		"supports-color": {
			"version": "7.1.0",
			"resolved": "https://registry.npmjs.org/supports-color/-/supports-color-7.1.0.tgz",
			"integrity": "sha512-oRSIpR8pxT1Wr2FquTNnGet79b3BWljqOuoW/h4oBhxJ/HUbX5nX6JSruTkvXDCFMwDPvsaTTbvMLKZWSy0R5g==",
			"requires": {
				"has-flag": "^4.0.0"
			}
		},
		"text-table": {
			"version": "0.2.0",
			"resolved": "https://registry.npmjs.org/text-table/-/text-table-0.2.0.tgz",
			"integrity": "sha1-f17oI66AUgfACvLfSoTsP8+lcLQ="
		}
	}
}
