{
	"name": "@mongosh/cli-repl",
	"version": "0.0.1-alpha.6",
	"lockfileVersion": 1,
	"requires": true,
	"dependencies": {
		"ansi-escape-sequences": {
			"version": "5.1.2",
			"resolved": "https://registry.npmjs.org/ansi-escape-sequences/-/ansi-escape-sequences-5.1.2.tgz",
			"integrity": "sha512-JcpoVp1W1bl1Qn4cVuiXEhD6+dyXKSOgCn2zlzE8inYgCJCBy1aPnUhlz6I4DFum8D4ovb9Qi/iAjUcGvG2lqw==",
			"requires": {
				"array-back": "^4.0.0"
			}
		},
		"array-back": {
			"version": "4.0.1",
			"resolved": "https://registry.npmjs.org/array-back/-/array-back-4.0.1.tgz",
			"integrity": "sha512-Z/JnaVEXv+A9xabHzN43FiiiWEE7gPCRXMrVmRm00tWbjZRul1iHm7ECzlyNq1p4a4ATXz+G9FJ3GqGOkOV3fg=="
		},
		"lodash.set": {
			"version": "4.3.2",
			"resolved": "https://registry.npmjs.org/lodash.set/-/lodash.set-4.3.2.tgz",
			"integrity": "sha1-2HV7HagH3eJIFrDWqEvqGnYjCyM="
		},
		"minimist": {
			"version": "1.2.5",
			"resolved": "https://registry.npmjs.org/minimist/-/minimist-1.2.5.tgz",
			"integrity": "sha512-FM9nNUYrRBAELZQT3xeZQ7fmMOBg6nWNmJKTcgsJeaLstP/UODVpGsr5OhXhhXg6f+qtJ8uiZ+PUxkDWcgIXLw=="
		},
		"mongodb-ace-autocompleter": {
			"version": "0.4.8",
			"resolved": "https://registry.npmjs.org/mongodb-ace-autocompleter/-/mongodb-ace-autocompleter-0.4.8.tgz",
			"integrity": "sha512-OMDiHtrMt5z7RxQKZKl4kLJqUDbe0xTUSBQT0r+DNHKzsQoyk5RlUK6jsMWmFYn1ADFGGAejVJWbcnlG4WGH8w==",
			"requires": {
				"semver": "^7.1.1"
			}
		},
		"mute-stream": {
			"version": "0.0.8",
			"resolved": "https://registry.npmjs.org/mute-stream/-/mute-stream-0.0.8.tgz",
			"integrity": "sha512-nnbWWOkoWyUsTjKrhgD0dcz22mdkSnpYqbEjIm2nhwhuxlSkpywJmBo8h0ZqJdkp73mb90SssHkN4rsRaBAfAA=="
		},
		"read": {
			"version": "1.0.7",
			"resolved": "https://registry.npmjs.org/read/-/read-1.0.7.tgz",
			"integrity": "sha1-s9oZvQUkMal2cdRKQmNK33ELQMQ=",
			"requires": {
				"mute-stream": "~0.0.4"
			}
		},
		"semver": {
			"version": "7.1.3",
			"resolved": "https://registry.npmjs.org/semver/-/semver-7.1.3.tgz",
			"integrity": "sha512-ekM0zfiA9SCBlsKa2X1hxyxiI4L3B6EbVJkkdgQXnSEEaHlGdvyodMruTiulSRWMMB4NeIuYNMC9rTKTz97GxA=="
		}
	}
}
