{
	"name": "@mongosh/history",
	"version": "0.0.1-alpha.16",
	"lockfileVersion": 1,
	"requires": true,
	"dependencies": {
		"lodash": {
			"version": "4.17.15",
			"resolved": "https://registry.npmjs.org/lodash/-/lodash-4.17.15.tgz",
			"integrity": "sha512-8xOcRHvCjnocdS5cpwXQXVzmmh5e5+saE2QGoeQmbKmRS6J3VQppPOIt0MnmE+4xlZoumy0GPG0D0MVIQbNA1A=="
		},
		"mongodb-redact": {
			"version": "0.2.0",
			"resolved": "https://registry.npmjs.org/mongodb-redact/-/mongodb-redact-0.2.0.tgz",
			"integrity": "sha512-kGoR02HsTzNYHFXLklvbEg7mSJZu5+L1JdaYUuSlmVUAXxzhxUBvoFoYulfqqvokE+ilAXGYywdMJStB0lPhCw==",
			"requires": {
				"lodash": "^4.17.15"
			}
		}
	}
}
