{
	"name": "@mongosh/history",
	"version": "0.0.0-dev.0",
	"lockfileVersion": 2,
	"requires": true,
	"packages": {
		"": {
			"name": "@mongosh/history",
			"version": "0.0.0-dev.0",
			"license": "Apache-2.0",
			"dependencies": {
				"mongodb-connection-string-url": "^2.3.0",
				"mongodb-redact": "^0.2.2"
			},
			"engines": {
				"node": ">=12.4.0"
			}
		},
		"node_modules/@types/node": {
			"version": "16.11.12",
			"resolved": "https://registry.npmjs.org/@types/node/-/node-16.11.12.tgz",
			"integrity": "sha512-+2Iggwg7PxoO5Kyhvsq9VarmPbIelXP070HMImEpbtGCoyWNINQj4wzjbQCXzdHTRXnqufutJb5KAURZANNBAw=="
		},
		"node_modules/@types/webidl-conversions": {
			"version": "6.1.1",
			"resolved": "https://registry.npmjs.org/@types/webidl-conversions/-/webidl-conversions-6.1.1.tgz",
			"integrity": "sha512-XAahCdThVuCFDQLT7R7Pk/vqeObFNL3YqRyFZg+AqAP/W1/w3xHaIxuW7WszQqTbIBOPRcItYJIou3i/mppu3Q=="
		},
		"node_modules/@types/whatwg-url": {
			"version": "8.2.1",
			"resolved": "https://registry.npmjs.org/@types/whatwg-url/-/whatwg-url-8.2.1.tgz",
			"integrity": "sha512-2YubE1sjj5ifxievI5Ge1sckb9k/Er66HyR2c+3+I6VDUUg1TLPdYYTEbQ+DjRkS4nTxMJhgWfSfMRD2sl2EYQ==",
			"dependencies": {
				"@types/node": "*",
				"@types/webidl-conversions": "*"
			}
		},
		"node_modules/lodash": {
			"version": "4.17.21",
			"resolved": "https://registry.npmjs.org/lodash/-/lodash-4.17.21.tgz",
			"integrity": "sha512-v2kDEe57lecTulaDIuNTPy3Ry4gLGJ6Z1O3vE1krgXZNrsQ+LFTGHVxVjcXPs17LhbZVGedAJv8XZ1tvj5FvSg=="
		},
		"node_modules/mongodb-connection-string-url": {
			"version": "2.3.0",
			"resolved": "https://registry.npmjs.org/mongodb-connection-string-url/-/mongodb-connection-string-url-2.3.0.tgz",
			"integrity": "sha512-67y5fXOKBs74NZ0t5GG7J+i/T117uDeI0Oz7hYSC4a+61B0DWfJPo1WZz1ZHhQlbGslKc1VtXndBHkMVWiQBqw==",
			"dependencies": {
				"@types/whatwg-url": "^8.2.1",
				"whatwg-url": "^11.0.0"
			}
		},
		"node_modules/mongodb-redact": {
			"version": "0.2.2",
			"resolved": "https://registry.npmjs.org/mongodb-redact/-/mongodb-redact-0.2.2.tgz",
			"integrity": "sha512-tmgDpSBymFtKggsLzpa0vDYaqh2wEXOswBZtJkXvbPKP0ThfPwoFYXtOukactU6WZsC4RYmpSPM4P6582FR/Xw==",
			"dependencies": {
				"lodash": "^4.17.15"
			}
		},
		"node_modules/punycode": {
			"version": "2.1.1",
			"resolved": "https://registry.npmjs.org/punycode/-/punycode-2.1.1.tgz",
			"integrity": "sha512-XRsRjdf+j5ml+y/6GKHPZbrF/8p2Yga0JPtdqTIY2Xe5ohJPD9saDJJLPvp9+NSBprVvevdXZybnj2cv8OEd0A==",
			"engines": {
				"node": ">=6"
			}
		},
		"node_modules/tr46": {
			"version": "3.0.0",
			"resolved": "https://registry.npmjs.org/tr46/-/tr46-3.0.0.tgz",
			"integrity": "sha512-l7FvfAHlcmulp8kr+flpQZmVwtu7nfRV7NZujtN0OqES8EL4O4e0qqzL0DC5gAvx/ZC/9lk6rhcUwYvkBnBnYA==",
			"dependencies": {
				"punycode": "^2.1.1"
			},
			"engines": {
				"node": ">=12"
			}
		},
		"node_modules/webidl-conversions": {
			"version": "7.0.0",
			"resolved": "https://registry.npmjs.org/webidl-conversions/-/webidl-conversions-7.0.0.tgz",
			"integrity": "sha512-VwddBukDzu71offAQR975unBIGqfKZpM+8ZX6ySk8nYhVoo5CYaZyzt3YBvYtRtO+aoGlqxPg/B87NGVZ/fu6g==",
			"engines": {
				"node": ">=12"
			}
		},
		"node_modules/whatwg-url": {
			"version": "11.0.0",
			"resolved": "https://registry.npmjs.org/whatwg-url/-/whatwg-url-11.0.0.tgz",
			"integrity": "sha512-RKT8HExMpoYx4igMiVMY83lN6UeITKJlBQ+vR/8ZJ8OCdSiN3RwCq+9gH0+Xzj0+5IrM6i4j/6LuvzbZIQgEcQ==",
			"dependencies": {
				"tr46": "^3.0.0",
				"webidl-conversions": "^7.0.0"
			},
			"engines": {
				"node": ">=12"
			}
		}
	},
	"dependencies": {
		"@types/node": {
			"version": "16.11.12",
			"resolved": "https://registry.npmjs.org/@types/node/-/node-16.11.12.tgz",
			"integrity": "sha512-+2Iggwg7PxoO5Kyhvsq9VarmPbIelXP070HMImEpbtGCoyWNINQj4wzjbQCXzdHTRXnqufutJb5KAURZANNBAw=="
		},
		"@types/webidl-conversions": {
			"version": "6.1.1",
			"resolved": "https://registry.npmjs.org/@types/webidl-conversions/-/webidl-conversions-6.1.1.tgz",
			"integrity": "sha512-XAahCdThVuCFDQLT7R7Pk/vqeObFNL3YqRyFZg+AqAP/W1/w3xHaIxuW7WszQqTbIBOPRcItYJIou3i/mppu3Q=="
		},
		"@types/whatwg-url": {
			"version": "8.2.1",
			"resolved": "https://registry.npmjs.org/@types/whatwg-url/-/whatwg-url-8.2.1.tgz",
			"integrity": "sha512-2YubE1sjj5ifxievI5Ge1sckb9k/Er66HyR2c+3+I6VDUUg1TLPdYYTEbQ+DjRkS4nTxMJhgWfSfMRD2sl2EYQ==",
			"requires": {
				"@types/node": "*",
				"@types/webidl-conversions": "*"
			}
		},
		"lodash": {
			"version": "4.17.21",
			"resolved": "https://registry.npmjs.org/lodash/-/lodash-4.17.21.tgz",
			"integrity": "sha512-v2kDEe57lecTulaDIuNTPy3Ry4gLGJ6Z1O3vE1krgXZNrsQ+LFTGHVxVjcXPs17LhbZVGedAJv8XZ1tvj5FvSg=="
		},
		"mongodb-connection-string-url": {
			"version": "2.3.0",
			"resolved": "https://registry.npmjs.org/mongodb-connection-string-url/-/mongodb-connection-string-url-2.3.0.tgz",
			"integrity": "sha512-67y5fXOKBs74NZ0t5GG7J+i/T117uDeI0Oz7hYSC4a+61B0DWfJPo1WZz1ZHhQlbGslKc1VtXndBHkMVWiQBqw==",
			"requires": {
				"@types/whatwg-url": "^8.2.1",
				"whatwg-url": "^11.0.0"
			}
		},
		"mongodb-redact": {
			"version": "0.2.2",
			"resolved": "https://registry.npmjs.org/mongodb-redact/-/mongodb-redact-0.2.2.tgz",
			"integrity": "sha512-tmgDpSBymFtKggsLzpa0vDYaqh2wEXOswBZtJkXvbPKP0ThfPwoFYXtOukactU6WZsC4RYmpSPM4P6582FR/Xw==",
			"requires": {
				"lodash": "^4.17.15"
			}
		},
		"punycode": {
			"version": "2.1.1",
			"resolved": "https://registry.npmjs.org/punycode/-/punycode-2.1.1.tgz",
			"integrity": "sha512-XRsRjdf+j5ml+y/6GKHPZbrF/8p2Yga0JPtdqTIY2Xe5ohJPD9saDJJLPvp9+NSBprVvevdXZybnj2cv8OEd0A=="
		},
		"tr46": {
			"version": "3.0.0",
			"resolved": "https://registry.npmjs.org/tr46/-/tr46-3.0.0.tgz",
			"integrity": "sha512-l7FvfAHlcmulp8kr+flpQZmVwtu7nfRV7NZujtN0OqES8EL4O4e0qqzL0DC5gAvx/ZC/9lk6rhcUwYvkBnBnYA==",
			"requires": {
				"punycode": "^2.1.1"
			}
		},
		"webidl-conversions": {
			"version": "7.0.0",
			"resolved": "https://registry.npmjs.org/webidl-conversions/-/webidl-conversions-7.0.0.tgz",
			"integrity": "sha512-VwddBukDzu71offAQR975unBIGqfKZpM+8ZX6ySk8nYhVoo5CYaZyzt3YBvYtRtO+aoGlqxPg/B87NGVZ/fu6g=="
		},
		"whatwg-url": {
			"version": "11.0.0",
			"resolved": "https://registry.npmjs.org/whatwg-url/-/whatwg-url-11.0.0.tgz",
			"integrity": "sha512-RKT8HExMpoYx4igMiVMY83lN6UeITKJlBQ+vR/8ZJ8OCdSiN3RwCq+9gH0+Xzj0+5IrM6i4j/6LuvzbZIQgEcQ==",
			"requires": {
				"tr46": "^3.0.0",
				"webidl-conversions": "^7.0.0"
			}
		}
	}
}
