{
	"name": "@mongosh/shell-api-poc",
	"version": "0.0.1-alpha.10",
	"lockfileVersion": 1,
	"requires": true,
	"dependencies": {
		"@sinonjs/commons": {
			"version": "1.7.1",
			"resolved": "https://registry.npmjs.org/@sinonjs/commons/-/commons-1.7.1.tgz",
			"integrity": "sha512-Debi3Baff1Qu1Unc3mjJ96MgpbwTn43S1+9yJ0llWygPwDNu2aaWBD6yc9y/Z8XDRNhx7U+u2UDg2OGQXkclUQ==",
			"dev": true,
			"requires": {
				"type-detect": "4.0.8"
			}
		},
		"@sinonjs/formatio": {
			"version": "3.2.2",
			"resolved": "https://registry.npmjs.org/@sinonjs/formatio/-/formatio-3.2.2.tgz",
			"integrity": "sha512-B8SEsgd8gArBLMD6zpRw3juQ2FVSsmdd7qlevyDqzS9WTCtvF55/gAL+h6gue8ZvPYcdiPdvueM/qm//9XzyTQ==",
			"dev": true,
			"requires": {
				"@sinonjs/commons": "^1",
				"@sinonjs/samsam": "^3.1.0"
			}
		},
		"@sinonjs/samsam": {
			"version": "3.3.3",
			"resolved": "https://registry.npmjs.org/@sinonjs/samsam/-/samsam-3.3.3.tgz",
			"integrity": "sha512-bKCMKZvWIjYD0BLGnNrxVuw4dkWCYsLqFOUWw8VgKF/+5Y+mE7LfHWPIYoDXowH+3a9LsWDMo0uAP8YDosPvHQ==",
			"dev": true,
			"requires": {
				"@sinonjs/commons": "^1.3.0",
				"array-from": "^2.1.1",
				"lodash": "^4.17.15"
			}
		},
		"@sinonjs/text-encoding": {
			"version": "0.7.1",
			"resolved": "https://registry.npmjs.org/@sinonjs/text-encoding/-/text-encoding-0.7.1.tgz",
			"integrity": "sha512-+iTbntw2IZPb/anVDbypzfQa+ay64MW0Zo8aJ8gZPWMMK6/OubMVb6lUPMagqjOPnmtauXnFCACVl3O7ogjeqQ==",
			"dev": true
		},
		"@types/chai": {
			"version": "4.2.11",
			"resolved": "https://registry.npmjs.org/@types/chai/-/chai-4.2.11.tgz",
			"integrity": "sha512-t7uW6eFafjO+qJ3BIV2gGUyZs27egcNRkUdalkud+Qa3+kg//f129iuOFivHDXQ+vnU3fDXuwgv0cqMCbcE8sw==",
			"dev": true
		},
		"@types/node": {
			"version": "11.15.9",
			"resolved": "https://registry.npmjs.org/@types/node/-/node-11.15.9.tgz",
			"integrity": "sha512-NcOiyA/gxMAounNa4IPm/e13kYqU48onEarMnbLzz3ynEdlxFKYFoBbMBSefAHJR77r9MCtD88J0Z2TVtNsBbw==",
			"dev": true
		},
		"@types/sinon": {
			"version": "7.5.2",
			"resolved": "https://registry.npmjs.org/@types/sinon/-/sinon-7.5.2.tgz",
			"integrity": "sha512-T+m89VdXj/eidZyejvmoP9jivXgBDdkOSBVQjU9kF349NEx10QdPNGxHeZUaj1IlJ32/ewdyXJjnJxyxJroYwg==",
			"dev": true
		},
		"@types/sinon-chai": {
			"version": "3.2.4",
			"resolved": "https://registry.npmjs.org/@types/sinon-chai/-/sinon-chai-3.2.4.tgz",
			"integrity": "sha512-xq5KOWNg70PRC7dnR2VOxgYQ6paumW+4pTZP+6uTSdhpYsAUEeeT5bw6rRHHQrZ4KyR+M5ojOR+lje6TGSpUxA==",
			"dev": true,
			"requires": {
				"@types/chai": "*",
				"@types/sinon": "*"
			}
		},
		"array-from": {
			"version": "2.1.1",
			"resolved": "https://registry.npmjs.org/array-from/-/array-from-2.1.1.tgz",
			"integrity": "sha1-z+nYwmYoudxa7MYqn12PHzUsEZU=",
			"dev": true
		},
		"diff": {
			"version": "3.5.0",
			"resolved": "https://registry.npmjs.org/diff/-/diff-3.5.0.tgz",
			"integrity": "sha512-A46qtFgd+g7pDZinpnwiRJtxbC1hpgf0uzP3iG89scHk0AUC7A1TGxf5OiiOUv/JMZR8GOt8hL900hV0bOy5xA==",
			"dev": true
		},
		"has-flag": {
			"version": "3.0.0",
			"resolved": "https://registry.npmjs.org/has-flag/-/has-flag-3.0.0.tgz",
			"integrity": "sha1-tdRU3CGZriJWmfNGfloH87lVuv0=",
			"dev": true
		},
		"isarray": {
			"version": "0.0.1",
			"resolved": "https://registry.npmjs.org/isarray/-/isarray-0.0.1.tgz",
			"integrity": "sha1-ihis/Kmo9Bd+Cav8YDiTmwXR7t8=",
			"dev": true
		},
		"just-extend": {
			"version": "4.1.0",
			"resolved": "https://registry.npmjs.org/just-extend/-/just-extend-4.1.0.tgz",
			"integrity": "sha512-ApcjaOdVTJ7y4r08xI5wIqpvwS48Q0PBG4DJROcEkH1f8MdAiNFyFxz3xoL0LWAVwjrwPYZdVHHxhRHcx/uGLA==",
			"dev": true
		},
		"lodash": {
			"version": "4.17.15",
			"resolved": "https://registry.npmjs.org/lodash/-/lodash-4.17.15.tgz",
			"integrity": "sha512-8xOcRHvCjnocdS5cpwXQXVzmmh5e5+saE2QGoeQmbKmRS6J3VQppPOIt0MnmE+4xlZoumy0GPG0D0MVIQbNA1A==",
			"dev": true
		},
		"lolex": {
			"version": "4.2.0",
			"resolved": "https://registry.npmjs.org/lolex/-/lolex-4.2.0.tgz",
			"integrity": "sha512-gKO5uExCXvSm6zbF562EvM+rd1kQDnB9AZBbiQVzf1ZmdDpxUSvpnAaVOP83N/31mRK8Ml8/VE8DMvsAZQ+7wg==",
			"dev": true
		},
		"nise": {
			"version": "1.5.3",
			"resolved": "https://registry.npmjs.org/nise/-/nise-1.5.3.tgz",
			"integrity": "sha512-Ymbac/94xeIrMf59REBPOv0thr+CJVFMhrlAkW/gjCIE58BGQdCj0x7KRCb3yz+Ga2Rz3E9XXSvUyyxqqhjQAQ==",
			"dev": true,
			"requires": {
				"@sinonjs/formatio": "^3.2.1",
				"@sinonjs/text-encoding": "^0.7.1",
				"just-extend": "^4.0.2",
				"lolex": "^5.0.1",
				"path-to-regexp": "^1.7.0"
			},
			"dependencies": {
				"lolex": {
					"version": "5.1.2",
					"resolved": "https://registry.npmjs.org/lolex/-/lolex-5.1.2.tgz",
					"integrity": "sha512-h4hmjAvHTmd+25JSwrtTIuwbKdwg5NzZVRMLn9saij4SZaepCrTCxPr35H/3bjwfMJtN+t3CX8672UIkglz28A==",
					"dev": true,
					"requires": {
						"@sinonjs/commons": "^1.7.0"
					}
				}
			}
		},
		"path-to-regexp": {
			"version": "1.8.0",
			"resolved": "https://registry.npmjs.org/path-to-regexp/-/path-to-regexp-1.8.0.tgz",
			"integrity": "sha512-n43JRhlUKUAlibEJhPeir1ncUID16QnEjNpwzNdO3Lm4ywrBpBZ5oLD0I6br9evr1Y9JTqwRtAh7JLoOzAQdVA==",
			"dev": true,
			"requires": {
				"isarray": "0.0.1"
			}
		},
		"pretty-bytes": {
			"version": "5.3.0",
			"resolved": "https://registry.npmjs.org/pretty-bytes/-/pretty-bytes-5.3.0.tgz",
			"integrity": "sha512-hjGrh+P926p4R4WbaB6OckyRtO0F0/lQBiT+0gnxjV+5kjPBrfVBFCsCLbMqVQeydvIoouYTCmmEURiH3R1Bdg=="
		},
		"sinon": {
			"version": "7.5.0",
			"resolved": "https://registry.npmjs.org/sinon/-/sinon-7.5.0.tgz",
			"integrity": "sha512-AoD0oJWerp0/rY9czP/D6hDTTUYGpObhZjMpd7Cl/A6+j0xBE+ayL/ldfggkBXUs0IkvIiM1ljM8+WkOc5k78Q==",
			"dev": true,
			"requires": {
				"@sinonjs/commons": "^1.4.0",
				"@sinonjs/formatio": "^3.2.1",
				"@sinonjs/samsam": "^3.3.3",
				"diff": "^3.5.0",
				"lolex": "^4.2.0",
				"nise": "^1.5.2",
				"supports-color": "^5.5.0"
			}
		},
		"supports-color": {
			"version": "5.5.0",
			"resolved": "https://registry.npmjs.org/supports-color/-/supports-color-5.5.0.tgz",
			"integrity": "sha512-QjVjwdXIt408MIiAqCX4oUKsgU2EqAGzs2Ppkm4aQYbjm+ZEWEcW4SfFNTr4uMNZma0ey4f5lgLrkB0aX0QMow==",
			"dev": true,
			"requires": {
				"has-flag": "^3.0.0"
			}
		},
		"text-table": {
			"version": "0.2.0",
			"resolved": "https://registry.npmjs.org/text-table/-/text-table-0.2.0.tgz",
			"integrity": "sha1-f17oI66AUgfACvLfSoTsP8+lcLQ="
		},
		"ts-sinon": {
			"version": "1.0.25",
			"resolved": "https://registry.npmjs.org/ts-sinon/-/ts-sinon-1.0.25.tgz",
			"integrity": "sha512-G6ufQ8ELd/em6tyuhp1iKoKcwDV/zgjT0uJQWzDovRLFc33kzKvTaZZ8whshFcgHk0d8QzVTVlmwTrmy0e9F+A==",
			"dev": true,
			"requires": {
				"@types/node": "^11.15.4",
				"@types/sinon": "^7.5.1",
				"@types/sinon-chai": "^3.2.3",
				"sinon": "^7.5.0"
			}
		},
		"type-detect": {
			"version": "4.0.8",
			"resolved": "https://registry.npmjs.org/type-detect/-/type-detect-4.0.8.tgz",
			"integrity": "sha512-0fr/mIH1dlO+x7TlcMy+bIDqKPsw/70tVyeHW787goQjhmqaZe10uwLujubK9q9Lg6Fiho1KUKDYz0Z7k7g5/g==",
			"dev": true
		}
	}
}
